// !$*UTF8*$!
{
	archiveVersion = 1;
	classes = {
	};
	objectVersion = 46;
	objects = {
/* Begin PBXBuildFile section */
		0207DA581B56EA530066E2B4 /* Images.xcassets in Resources */ = {isa = PBXBuildFile; fileRef = 0207DA571B56EA530066E2B4 /* Images.xcassets */; };
		1D3623260D0F684500981E51 /* AppDelegate.m in Sources */ = {isa = PBXBuildFile; fileRef = 1D3623250D0F684500981E51 /* AppDelegate.m */; };
		1D60589B0D05DD56006BFB54 /* main.m in Sources */ = {isa = PBXBuildFile; fileRef = 29B97316FDCFA39411CA2CEA /* main.m */; };
		301BF552109A68D80062928A /* libCordova.a in Frameworks */ = {isa = PBXBuildFile; fileRef = 301BF535109A57CC0062928A /* libCordova.a */; };
		302D95F114D2391D003F00A1 /* MainViewController.m in Sources */ = {isa = PBXBuildFile; fileRef = 302D95EF14D2391D003F00A1 /* MainViewController.m */; };
		302D95F214D2391D003F00A1 /* MainViewController.xib in Resources */ = {isa = PBXBuildFile; fileRef = 302D95F014D2391D003F00A1 /* MainViewController.xib */; };
		3047A5121AB8059700498E2A /* build-debug.xcconfig in Resources */ = {isa = PBXBuildFile; fileRef = 3047A50F1AB8059700498E2A /* build-debug.xcconfig */; };
		3047A5131AB8059700498E2A /* build-release.xcconfig in Resources */ = {isa = PBXBuildFile; fileRef = 3047A5101AB8059700498E2A /* build-release.xcconfig */; };
		3047A5141AB8059700498E2A /* build.xcconfig in Resources */ = {isa = PBXBuildFile; fileRef = 3047A5111AB8059700498E2A /* build.xcconfig */; };
		6AFF5BF91D6E424B00AB3073 /* CDVLaunchScreen.storyboard in Resources */ = {isa = PBXBuildFile; fileRef = 6AFF5BF81D6E424B00AB3073 /* CDVLaunchScreen.storyboard */; };
		CA5E6E6130E24F68BEB3EDB8 /* CDVDevice.m in Sources */ = {isa = PBXBuildFile; fileRef = CC875021872A429E98CA5AAD /* CDVDevice.m */; };
		DA610DDDCBD54E0BA0BE222A /* CDVStatusBar.m in Sources */ = {isa = PBXBuildFile; fileRef = 1F1FB41326014139ACC7E1D1 /* CDVStatusBar.m */; };
		084DFFA393944D0D861DBE29 /* SQLitePlugin.m in Sources */ = {isa = PBXBuildFile; fileRef = 63FBFB070FC642138B044025 /* SQLitePlugin.m */; };
		A54983A18B9A46EB91E032C6 /* PSPDFThreadSafeMutableDictionary.m in Sources */ = {isa = PBXBuildFile; fileRef = 7167C77B97504E82BE56B61D /* PSPDFThreadSafeMutableDictionary.m */; settings = {COMPILER_FLAGS = "-w"; }; };
		B87B9E0ADB8C47A6996D0744 /* sqlite3_regexp.c in Resources */ = {isa = PBXBuildFile; fileRef = A0B0682E42AE4BB189FBC894 /* sqlite3_regexp.c */; };
		A5E464A5A439469B9A066E95 /* sqlite3_base64.c in Resources */ = {isa = PBXBuildFile; fileRef = 860861B314004419AD8F6FCD /* sqlite3_base64.c */; };
		07712B8E63294E4294599A17 /* cencode.c in Resources */ = {isa = PBXBuildFile; fileRef = 93AFA6E4B45C474A94F6DA33 /* cencode.c */; };
		3B532EDE350D43E7964A97A4 /* sqlite3.c in Resources */ = {isa = PBXBuildFile; fileRef = A3316A01532E4DFA99D35F9F /* sqlite3.c */; settings = {COMPILER_FLAGS = "-w -DSQLITE_THREADSAFE=1 -DSQLITE_DEFAULT_SYNCHRONOUS=3 -DSQLITE_LOCKING_STYLE=1 -DHAVE_USLEEP=1 -DSQLITE_DEFAULT_MEMSTATUS=0 -DSQLITE_OMIT_DECLTYPE -DSQLITE_OMIT_DEPRECATED -DSQLITE_OMIT_PROGRESS_CALLBACK -DSQLITE_OMIT_SHARED_CACHE -DSQLITE_TEMP_STORE=2 -DSQLITE_OMIT_LOAD_EXTENSION -DSQLITE_ENABLE_FTS3 -DSQLITE_ENABLE_FTS3_PARENTHESIS -DSQLITE_ENABLE_FTS4 -DSQLITE_ENABLE_FTS5 -DSQLITE_ENABLE_RTREE -DSQLITE_ENABLE_JSON1 -DSQLITE_DEFAULT_PAGE_SIZE=4096 -DSQLITE_DEFAULT_CACHE_SIZE=-2000"; }; };
		D4306D12736241B08D2FBAD7 /* CDVNotification.m in Sources */ = {isa = PBXBuildFile; fileRef = 63222DF4C71C47AC8D75A7EA /* CDVNotification.m */; };
		743B4295C76548AE90B8DC41 /* CDVNotification.bundle in Resources */ = {isa = PBXBuildFile; fileRef = 533755BFFFAB49FEA5A17876 /* CDVNotification.bundle */; };
		56AA4CD5005D4C4D80FAB9AF /* AudioToolbox.framework in Frameworks */ = {isa = PBXBuildFile; fileRef = 3160F253845E40E8B9BDEDEA /* AudioToolbox.framework */; settings = {ATTRIBUTES = (Weak, ); }; };
		AB5A85759D304269A2DB3E8E /* CodePush.m in Sources */ = {isa = PBXBuildFile; fileRef = 17FFEEE2FAD9446DB2C83ACC /* CodePush.m */; };
		AB7539C618E94F55912342C9 /* CodePushPackageMetadata.m in Sources */ = {isa = PBXBuildFile; fileRef = 1900DDC4EA6A467BBB4B6EA0 /* CodePushPackageMetadata.m */; };
		38565989906F4F14A0A06201 /* CodePushPackageManager.m in Sources */ = {isa = PBXBuildFile; fileRef = 84E55CA4A6C54274B24E9361 /* CodePushPackageManager.m */; };
		CB4FA62C63B34878B94E198D /* CodePushReportingManager.m in Sources */ = {isa = PBXBuildFile; fileRef = 627B4F3CE458438CB0419319 /* CodePushReportingManager.m */; };
		C8A48B60D12647D59558CEA8 /* InstallOptions.m in Sources */ = {isa = PBXBuildFile; fileRef = E4DC298AD8D5485A99C7D430 /* InstallOptions.m */; };
		452EACFC70D44E8FBA034DC1 /* StatusReport.m in Sources */ = {isa = PBXBuildFile; fileRef = 4CAD6A45DC7B4C36803C5CF0 /* StatusReport.m */; };
		7E2608D98B37406F95BED1A6 /* UpdateHashUtils.m in Sources */ = {isa = PBXBuildFile; fileRef = 7AA861702BAB4AB3963CDCDD /* UpdateHashUtils.m */; };
		08CD161066054F09A09AE4D7 /* Utilities.m in Sources */ = {isa = PBXBuildFile; fileRef = 40775E49FA834AFBA529B18E /* Utilities.m */; };
		D55631790715481BAD9F4B3E /* CDVWKWebViewEngine+CodePush.m in Sources */ = {isa = PBXBuildFile; fileRef = A6377713301C429DACEDB0D8 /* CDVWKWebViewEngine+CodePush.m */; };
		5D41998EC48840E19806D01E /* CodePushJWTAlgorithmFactory.m in Sources */ = {isa = PBXBuildFile; fileRef = 4EF57B7890DD417FBC0DAC3A /* CodePushJWTAlgorithmFactory.m */; };
		CC065C3182904F2CB98F0394 /* CodePushJWTAlgorithmNone.m in Sources */ = {isa = PBXBuildFile; fileRef = 8866BAE20ADC46BE9CF8E017 /* CodePushJWTAlgorithmNone.m */; };
		7F3877A83BEE48EDABCD49C9 /* CodePushJWTAlgorithmESBase.m in Sources */ = {isa = PBXBuildFile; fileRef = FE8BE66F0F644E7F9EA02207 /* CodePushJWTAlgorithmESBase.m */; };
		C2C3921D4DAD41DD8810F2DA /* CodePushJWTAlgorithmDataHolder.m in Sources */ = {isa = PBXBuildFile; fileRef = D1F630B4688F4AA4A067CB08 /* CodePushJWTAlgorithmDataHolder.m */; };
		60FA5B04E788453EAB05C5E5 /* CodePushJWTAlgorithmDataHolderChain.m in Sources */ = {isa = PBXBuildFile; fileRef = 351AEFED4D0F4E5B8CFF1FDC /* CodePushJWTAlgorithmDataHolderChain.m */; };
		233FFE2333EC437F94293A0E /* CodePushJWTAlgorithmHSBase.m in Sources */ = {isa = PBXBuildFile; fileRef = 160E1246123340FD9D76D8C2 /* CodePushJWTAlgorithmHSBase.m */; };
		7290F6AD711F4F5BA3BF447C /* CodePushJWTAlgorithmRSBase.m in Sources */ = {isa = PBXBuildFile; fileRef = E3AC326431964636B3854126 /* CodePushJWTAlgorithmRSBase.m */; };
		E818A5AE92A74E688C954250 /* CodePushJWTCryptoKey.m in Sources */ = {isa = PBXBuildFile; fileRef = A9E5A2640C8C40FEB507BB65 /* CodePushJWTCryptoKey.m */; };
		0D7A0F853B434CB1AA7BD852 /* CodePushJWTCryptoKeyExtractor.m in Sources */ = {isa = PBXBuildFile; fileRef = F966934956104CC684B2A65B /* CodePushJWTCryptoKeyExtractor.m */; };
		E71D0A583E6B4357B034B4B5 /* CodePushJWTCryptoSecurity.m in Sources */ = {isa = PBXBuildFile; fileRef = 3205AF68D683414DBD9ED9F0 /* CodePushJWTCryptoSecurity.m */; };
		9DB562F25B6D412A9B8B0695 /* CodePushJWTClaim.m in Sources */ = {isa = PBXBuildFile; fileRef = 11CB4625F2D0482EA2A342D2 /* CodePushJWTClaim.m */; };
		7C88B8B73B8F4F40A961E02A /* CodePushJWTClaimsSet.m in Sources */ = {isa = PBXBuildFile; fileRef = 5D972CD3E8204CC2B39CE21E /* CodePushJWTClaimsSet.m */; };
		A43AC227DC274E49BFB42B63 /* CodePushJWTClaimsSetSerializer.m in Sources */ = {isa = PBXBuildFile; fileRef = E201A57542BA450393B3566A /* CodePushJWTClaimsSetSerializer.m */; };
		13BC0BE2D0064E8AB72DC101 /* CodePushJWTClaimsSetVerifier.m in Sources */ = {isa = PBXBuildFile; fileRef = E068F1B03EBA4AD398F46801 /* CodePushJWTClaimsSetVerifier.m */; };
		CE46D6329BA84E53A563147F /* CodePushJWTCoding+ResultTypes.m in Sources */ = {isa = PBXBuildFile; fileRef = 0FC71BEE82C040DE9F4CB94D /* CodePushJWTCoding+ResultTypes.m */; };
		EA09AAFC47D049A0B8CAB664 /* CodePushJWTCoding+VersionOne.m in Sources */ = {isa = PBXBuildFile; fileRef = 54302D3AE3CE4C409E10B5AE /* CodePushJWTCoding+VersionOne.m */; };
		B537A6D9740B4052B2CAE9DB /* CodePushJWTCoding+VersionThree.m in Sources */ = {isa = PBXBuildFile; fileRef = FF19D6C7EBC34EEC9112A809 /* CodePushJWTCoding+VersionThree.m */; };
		8F13B3B0587B46A0A9F50EA5 /* CodePushJWTCoding+VersionTwo.m in Sources */ = {isa = PBXBuildFile; fileRef = A9C71A2A42CC45EFBF029EDC /* CodePushJWTCoding+VersionTwo.m */; };
		EE947BCBDA8D4A4A883A09A1 /* CodePushJWTCoding.m in Sources */ = {isa = PBXBuildFile; fileRef = DB884B1911C34AB1AEFAE3F7 /* CodePushJWTCoding.m */; };
		4FA3EFECC80E4C158CE730E0 /* CodePushJWTBase64Coder.m in Sources */ = {isa = PBXBuildFile; fileRef = 828344F2EC3C46258EEC67F3 /* CodePushJWTBase64Coder.m */; };
		0F750C0BA44445BDB250D339 /* CodePushJWTErrorDescription.m in Sources */ = {isa = PBXBuildFile; fileRef = D6079FE39E634A2487B2E641 /* CodePushJWTErrorDescription.m */; };
		0F1F9105E36041A5AD18DB82 /* CodePushMF_Base64Additions.m in Sources */ = {isa = PBXBuildFile; fileRef = E3AAD7879AAA473CADAA0433 /* CodePushMF_Base64Additions.m */; };
		F38DA04EE060414BA6F62B20 /* CDVFile.m in Sources */ = {isa = PBXBuildFile; fileRef = A567EF4C6D194D198B8E806C /* CDVFile.m */; };
		A42A1EC2E8534C86BB74142F /* CDVLocalFilesystem.m in Sources */ = {isa = PBXBuildFile; fileRef = C6AFBF0CFA2F4EFC81EEE38F /* CDVLocalFilesystem.m */; };
		905C8376079748A9A232D3A9 /* CDVAssetLibraryFilesystem.m in Sources */ = {isa = PBXBuildFile; fileRef = 8009C063352F4643A7326CF2 /* CDVAssetLibraryFilesystem.m */; };
		C80B5CA26E4E4429956D6687 /* CDVFileTransfer.m in Sources */ = {isa = PBXBuildFile; fileRef = 7BA2C55B9AB24A46B6E4DFCC /* CDVFileTransfer.m */; };
		E6D885CBFF7B432FBB34C3BA /* ZipPlugin.m in Sources */ = {isa = PBXBuildFile; fileRef = A5C755D07A114071A21BB3CD /* ZipPlugin.m */; };
		45DFB534699B46F984ADF520 /* aescrypt.c in Resources */ = {isa = PBXBuildFile; fileRef = FB4560D8707F45D282171902 /* aescrypt.c */; };
		4443FEDEAB044F20AD46D07E /* aeskey.c in Resources */ = {isa = PBXBuildFile; fileRef = 2EA89AD858B5456D849A8ECA /* aeskey.c */; };
		15A2447F9DA741FE9080DC5E /* aestab.c in Resources */ = {isa = PBXBuildFile; fileRef = A1DA9F57C62149AE944000D0 /* aestab.c */; };
		8F5233C3E8E24656AD03E65D /* entropy.c in Resources */ = {isa = PBXBuildFile; fileRef = 41E5D9A0B09D4080A4EC8155 /* entropy.c */; };
		5AAE565AC60543C1AA078A4F /* fileenc.c in Resources */ = {isa = PBXBuildFile; fileRef = 25EE62BBF8BA408FAB62B047 /* fileenc.c */; };
		2C71D3F329D54F0EA4F31F06 /* hmac.c in Resources */ = {isa = PBXBuildFile; fileRef = 93444D2E6688402F952E5655 /* hmac.c */; };
		F53F8215518F4FC1985B93E4 /* prng.c in Resources */ = {isa = PBXBuildFile; fileRef = 4350ADBB5BFF4C4CAADE3B0E /* prng.c */; };
		8B54AD0805304BABBA547AE9 /* pwd2key.c in Resources */ = {isa = PBXBuildFile; fileRef = D0C9762697C44B459FB98612 /* pwd2key.c */; };
		B0266D1BE618430DA30A87C6 /* sha1.c in Resources */ = {isa = PBXBuildFile; fileRef = 84082A6B889B407CA27B46FC /* sha1.c */; };
		3776BC558CA44021BA19C95B /* SSZipArchive.m in Sources */ = {isa = PBXBuildFile; fileRef = E67E4435CC72472797EC74C0 /* SSZipArchive.m */; };
		10BD9059E6874FCB8744D8DD /* zip.c in Resources */ = {isa = PBXBuildFile; fileRef = D71133EBA1094D7EA11CEF7F /* zip.c */; };
		8D93D6CD72E64EC590F61476 /* unzip.c in Resources */ = {isa = PBXBuildFile; fileRef = 765AFFB0B0EE4F6D9219783B /* unzip.c */; };
		53FB412C738C43ACB24AAD15 /* mztools.c in Resources */ = {isa = PBXBuildFile; fileRef = D83617C3B1814A8B8EA4CA2E /* mztools.c */; };
		74BFAFDD973147F9AB455B5F /* ioapi.c in Resources */ = {isa = PBXBuildFile; fileRef = 1ADBEC2E0646479AB3E6F082 /* ioapi.c */; };
		ADD81C141A8B429E8AF2A697 /* libz.dylib in Frameworks */ = {isa = PBXBuildFile; fileRef = 01F70133CC55467AACC675DA /* libz.dylib */; };
		6A06190D7B204E5F817B89B9 /* UIImage+CropScaleOrientation.m in Sources */ = {isa = PBXBuildFile; fileRef = 4BA9531F0F4F4160860924B7 /* UIImage+CropScaleOrientation.m */; };
		68E2BE66A3A545F89CDCA45B /* CDVCamera.m in Sources */ = {isa = PBXBuildFile; fileRef = 36DCC8B3A2A34217998D0B51 /* CDVCamera.m */; };
		F15C80EC53324E5F85FB46BA /* CDVJpegHeaderWriter.m in Sources */ = {isa = PBXBuildFile; fileRef = 9478FB0BF30E46DAA45C0BA0 /* CDVJpegHeaderWriter.m */; };
		F7D0F946B5FC4EA6A7D6093A /* ImageIO.framework in Frameworks */ = {isa = PBXBuildFile; fileRef = 99CFD0F9440840E89FDA274C /* ImageIO.framework */; settings = {ATTRIBUTES = (Weak, ); }; };
		A82C29DA78074CB190647552 /* CoreLocation.framework in Frameworks */ = {isa = PBXBuildFile; fileRef = 1558984E01334A5E84EBE645 /* CoreLocation.framework */; };
		94E92CF0B22E478585B370A4 /* AVFoundation.framework in Frameworks */ = {isa = PBXBuildFile; fileRef = CEC9EDA4D5794E40814C6997 /* AVFoundation.framework */; };
/* End PBXBuildFile section */

/* Begin PBXContainerItemProxy section */
		301BF534109A57CC0062928A /* PBXContainerItemProxy */ = {
			isa = PBXContainerItemProxy;
			containerPortal = 301BF52D109A57CC0062928A /* CordovaLib.xcodeproj */;
			proxyType = 2;
			remoteGlobalIDString = D2AAC07E0554694100DB518D;
			remoteInfo = CordovaLib;
		};
		301BF550109A68C00062928A /* PBXContainerItemProxy */ = {
			isa = PBXContainerItemProxy;
			containerPortal = 301BF52D109A57CC0062928A /* CordovaLib.xcodeproj */;
			proxyType = 1;
			remoteGlobalIDString = D2AAC07D0554694100DB518D;
			remoteInfo = CordovaLib;
		};
/* End PBXContainerItemProxy section */

/* Begin PBXFileReference section */
		0207DA571B56EA530066E2B4 /* Images.xcassets */ = {isa = PBXFileReference; lastKnownFileType = folder.assetcatalog; name = Images.xcassets; path = "ttiContact/Images.xcassets"; sourceTree = SOURCE_ROOT; };
		1D3623240D0F684500981E51 /* AppDelegate.h */ = {isa = PBXFileReference; fileEncoding = 4; lastKnownFileType = sourcecode.c.h; path = AppDelegate.h; sourceTree = "<group>"; };
		1D3623250D0F684500981E51 /* AppDelegate.m */ = {isa = PBXFileReference; fileEncoding = 4; lastKnownFileType = sourcecode.c.objc; path = AppDelegate.m; sourceTree = "<group>"; };
		1D6058910D05DD3D006BFB54 /* ttiContact.app */ = {isa = PBXFileReference; explicitFileType = wrapper.application; includeInIndex = 0; path = "ttiContact.app"; sourceTree = BUILT_PRODUCTS_DIR; };
		29B97316FDCFA39411CA2CEA /* main.m */ = {isa = PBXFileReference; fileEncoding = 4; lastKnownFileType = sourcecode.c.objc; path = main.m; sourceTree = "<group>"; };
		301BF52D109A57CC0062928A /* CordovaLib.xcodeproj */ = {isa = PBXFileReference; lastKnownFileType = "wrapper.pb-project"; path = CordovaLib/CordovaLib.xcodeproj; sourceTree = "<group>"; };
		301BF56E109A69640062928A /* www */ = {isa = PBXFileReference; lastKnownFileType = folder; path = www; sourceTree = SOURCE_ROOT; };
		302D95EE14D2391D003F00A1 /* MainViewController.h */ = {isa = PBXFileReference; fileEncoding = 4; lastKnownFileType = sourcecode.c.h; path = MainViewController.h; sourceTree = "<group>"; };
		302D95EF14D2391D003F00A1 /* MainViewController.m */ = {isa = PBXFileReference; fileEncoding = 4; lastKnownFileType = sourcecode.c.objc; path = MainViewController.m; sourceTree = "<group>"; };
		302D95F014D2391D003F00A1 /* MainViewController.xib */ = {isa = PBXFileReference; fileEncoding = 4; lastKnownFileType = file.xib; path = MainViewController.xib; sourceTree = "<group>"; };
		3047A50F1AB8059700498E2A /* build-debug.xcconfig */ = {isa = PBXFileReference; fileEncoding = 4; lastKnownFileType = text.xcconfig; name = "build-debug.xcconfig"; path = cordova/build-debug.xcconfig; sourceTree = SOURCE_ROOT; };
		3047A5101AB8059700498E2A /* build-release.xcconfig */ = {isa = PBXFileReference; fileEncoding = 4; lastKnownFileType = text.xcconfig; name = "build-release.xcconfig"; path = cordova/build-release.xcconfig; sourceTree = SOURCE_ROOT; };
		3047A5111AB8059700498E2A /* build.xcconfig */ = {isa = PBXFileReference; fileEncoding = 4; lastKnownFileType = text.xcconfig; name = build.xcconfig; path = cordova/build.xcconfig; sourceTree = SOURCE_ROOT; };
		32CA4F630368D1EE00C91783 /* ttiContact-Prefix.pch */ = {isa = PBXFileReference; fileEncoding = 4; lastKnownFileType = sourcecode.c.h; path = "ttiContact-Prefix.pch"; sourceTree = "<group>"; };
		6AFF5BF81D6E424B00AB3073 /* CDVLaunchScreen.storyboard */ = {isa = PBXFileReference; fileEncoding = 4; lastKnownFileType = file.storyboard; name = CDVLaunchScreen.storyboard; path = "ttiContact/CDVLaunchScreen.storyboard"; sourceTree = SOURCE_ROOT; };
		8D1107310486CEB800E47090 /* ttiContact-Info.plist */ = {isa = PBXFileReference; fileEncoding = 4; lastKnownFileType = text.plist.xml; name = "ttiContact-Info.plist"; path = "ttiContact/ttiContact-Info.plist"; plistStructureDefinitionIdentifier = "com.apple.xcode.plist.structure-definition.iphone.info-plist"; sourceTree = SOURCE_ROOT; };
		EB87FDF31871DA8E0020F90C /* www */ = {isa = PBXFileReference; lastKnownFileType = folder; name = www; path = ../../www; sourceTree = "<group>"; };
		EB87FDF41871DAF40020F90C /* config.xml */ = {isa = PBXFileReference; lastKnownFileType = text.xml; name = config.xml; path = ../../config.xml; sourceTree = "<group>"; };
		F840E1F0165FE0F500CFE078 /* config.xml */ = {isa = PBXFileReference; lastKnownFileType = text.xml; name = config.xml; path = "ttiContact/config.xml"; sourceTree = "<group>"; };
		ED33DF2A687741AEAF9F8254 /* Bridging-Header.h */ = {isa = PBXFileReference; fileEncoding = 4; lastKnownFileType = sourcecode.c.h; name = "Bridging-Header.h"; path = "Bridging-Header.h"; sourceTree = "<group>"; };
		CC875021872A429E98CA5AAD /* CDVDevice.m */ = {isa = PBXFileReference; name = "CDVDevice.m"; path = "cordova-plugin-device/CDVDevice.m"; sourceTree = "<group>"; fileEncoding = 4; lastKnownFileType = sourcecode.c.objc; explicitFileType = undefined; includeInIndex = 0; };
		A7A163D299E041A3917167D9 /* CDVDevice.h */ = {isa = PBXFileReference; name = "CDVDevice.h"; path = "cordova-plugin-device/CDVDevice.h"; sourceTree = "<group>"; fileEncoding = 4; lastKnownFileType = sourcecode.c.h; explicitFileType = undefined; includeInIndex = 0; };
		1F1FB41326014139ACC7E1D1 /* CDVStatusBar.m */ = {isa = PBXFileReference; name = "CDVStatusBar.m"; path = "cordova-plugin-statusbar/CDVStatusBar.m"; sourceTree = "<group>"; fileEncoding = 4; lastKnownFileType = sourcecode.c.objc; explicitFileType = undefined; includeInIndex = 0; };
		E31E833761A04B9093D4B9B7 /* CDVStatusBar.h */ = {isa = PBXFileReference; name = "CDVStatusBar.h"; path = "cordova-plugin-statusbar/CDVStatusBar.h"; sourceTree = "<group>"; fileEncoding = 4; lastKnownFileType = sourcecode.c.h; explicitFileType = undefined; includeInIndex = 0; };
		63FBFB070FC642138B044025 /* SQLitePlugin.m */ = {isa = PBXFileReference; name = "SQLitePlugin.m"; path = "cordova-sqlite-evcore-extbuild-free/SQLitePlugin.m"; sourceTree = "<group>"; fileEncoding = 4; lastKnownFileType = sourcecode.c.objc; explicitFileType = undefined; includeInIndex = 0; };
		7167C77B97504E82BE56B61D /* PSPDFThreadSafeMutableDictionary.m */ = {isa = PBXFileReference; name = "PSPDFThreadSafeMutableDictionary.m"; path = "cordova-sqlite-evcore-extbuild-free/PSPDFThreadSafeMutableDictionary.m"; sourceTree = "<group>"; fileEncoding = 4; lastKnownFileType = sourcecode.c.objc; explicitFileType = undefined; includeInIndex = 0; };
		A0B0682E42AE4BB189FBC894 /* sqlite3_regexp.c */ = {isa = PBXFileReference; name = "sqlite3_regexp.c"; path = "cordova-sqlite-evcore-extbuild-free/sqlite3_regexp.c"; sourceTree = "<group>"; fileEncoding = undefined; lastKnownFileType = unknown; explicitFileType = undefined; includeInIndex = 0; };
		860861B314004419AD8F6FCD /* sqlite3_base64.c */ = {isa = PBXFileReference; name = "sqlite3_base64.c"; path = "cordova-sqlite-evcore-extbuild-free/sqlite3_base64.c"; sourceTree = "<group>"; fileEncoding = undefined; lastKnownFileType = unknown; explicitFileType = undefined; includeInIndex = 0; };
		93AFA6E4B45C474A94F6DA33 /* cencode.c */ = {isa = PBXFileReference; name = "cencode.c"; path = "cordova-sqlite-evcore-extbuild-free/cencode.c"; sourceTree = "<group>"; fileEncoding = undefined; lastKnownFileType = unknown; explicitFileType = undefined; includeInIndex = 0; };
		A3316A01532E4DFA99D35F9F /* sqlite3.c */ = {isa = PBXFileReference; name = "sqlite3.c"; path = "cordova-sqlite-evcore-extbuild-free/sqlite3.c"; sourceTree = "<group>"; fileEncoding = undefined; lastKnownFileType = unknown; explicitFileType = undefined; includeInIndex = 0; };
		BABC3D60B051442885860633 /* SQLitePlugin.h */ = {isa = PBXFileReference; name = "SQLitePlugin.h"; path = "cordova-sqlite-evcore-extbuild-free/SQLitePlugin.h"; sourceTree = "<group>"; fileEncoding = 4; lastKnownFileType = sourcecode.c.h; explicitFileType = undefined; includeInIndex = 0; };
		957D662E1C9440E28F64E2D5 /* PSPDFThreadSafeMutableDictionary.h */ = {isa = PBXFileReference; name = "PSPDFThreadSafeMutableDictionary.h"; path = "cordova-sqlite-evcore-extbuild-free/PSPDFThreadSafeMutableDictionary.h"; sourceTree = "<group>"; fileEncoding = 4; lastKnownFileType = sourcecode.c.h; explicitFileType = undefined; includeInIndex = 0; };
		6A915ADD92EE4EC6A18C7560 /* sqlite3_regexp.h */ = {isa = PBXFileReference; name = "sqlite3_regexp.h"; path = "cordova-sqlite-evcore-extbuild-free/sqlite3_regexp.h"; sourceTree = "<group>"; fileEncoding = 4; lastKnownFileType = sourcecode.c.h; explicitFileType = undefined; includeInIndex = 0; };
		B1681251A7794D95B3913DC4 /* sqlite3_base64.h */ = {isa = PBXFileReference; name = "sqlite3_base64.h"; path = "cordova-sqlite-evcore-extbuild-free/sqlite3_base64.h"; sourceTree = "<group>"; fileEncoding = 4; lastKnownFileType = sourcecode.c.h; explicitFileType = undefined; includeInIndex = 0; };
		7510552F85D04D1BBDE1F3CB /* cencode.h */ = {isa = PBXFileReference; name = "cencode.h"; path = "cordova-sqlite-evcore-extbuild-free/cencode.h"; sourceTree = "<group>"; fileEncoding = 4; lastKnownFileType = sourcecode.c.h; explicitFileType = undefined; includeInIndex = 0; };
		1D4CD898B1C94EB0903D5BF8 /* sqlite3.h */ = {isa = PBXFileReference; name = "sqlite3.h"; path = "cordova-sqlite-evcore-extbuild-free/sqlite3.h"; sourceTree = "<group>"; fileEncoding = 4; lastKnownFileType = sourcecode.c.h; explicitFileType = undefined; includeInIndex = 0; };
		63222DF4C71C47AC8D75A7EA /* CDVNotification.m */ = {isa = PBXFileReference; name = "CDVNotification.m"; path = "cordova-plugin-dialogs/CDVNotification.m"; sourceTree = "<group>"; fileEncoding = 4; lastKnownFileType = sourcecode.c.objc; explicitFileType = undefined; includeInIndex = 0; };
		2864818ACF464EC29993B46C /* CDVNotification.h */ = {isa = PBXFileReference; name = "CDVNotification.h"; path = "cordova-plugin-dialogs/CDVNotification.h"; sourceTree = "<group>"; fileEncoding = 4; lastKnownFileType = sourcecode.c.h; explicitFileType = undefined; includeInIndex = 0; };
		533755BFFFAB49FEA5A17876 /* CDVNotification.bundle */ = {isa = PBXFileReference; name = "CDVNotification.bundle"; path = "CDVNotification.bundle"; sourceTree = "<group>"; fileEncoding = undefined; lastKnownFileType = wrapper.plug-in; explicitFileType = undefined; includeInIndex = 0; };
		3160F253845E40E8B9BDEDEA /* AudioToolbox.framework */ = {isa = PBXFileReference; name = "AudioToolbox.framework"; path = "System/Library/Frameworks/AudioToolbox.framework"; sourceTree = SDKROOT; fileEncoding = undefined; lastKnownFileType = wrapper.framework; explicitFileType = undefined; includeInIndex = 0; };
		17FFEEE2FAD9446DB2C83ACC /* CodePush.m */ = {isa = PBXFileReference; name = "CodePush.m"; path = "cordova-plugin-code-push/CodePush.m"; sourceTree = "<group>"; fileEncoding = 4; lastKnownFileType = sourcecode.c.objc; explicitFileType = undefined; includeInIndex = 0; };
		1900DDC4EA6A467BBB4B6EA0 /* CodePushPackageMetadata.m */ = {isa = PBXFileReference; name = "CodePushPackageMetadata.m"; path = "cordova-plugin-code-push/CodePushPackageMetadata.m"; sourceTree = "<group>"; fileEncoding = 4; lastKnownFileType = sourcecode.c.objc; explicitFileType = undefined; includeInIndex = 0; };
		84E55CA4A6C54274B24E9361 /* CodePushPackageManager.m */ = {isa = PBXFileReference; name = "CodePushPackageManager.m"; path = "cordova-plugin-code-push/CodePushPackageManager.m"; sourceTree = "<group>"; fileEncoding = 4; lastKnownFileType = sourcecode.c.objc; explicitFileType = undefined; includeInIndex = 0; };
		627B4F3CE458438CB0419319 /* CodePushReportingManager.m */ = {isa = PBXFileReference; name = "CodePushReportingManager.m"; path = "cordova-plugin-code-push/CodePushReportingManager.m"; sourceTree = "<group>"; fileEncoding = 4; lastKnownFileType = sourcecode.c.objc; explicitFileType = undefined; includeInIndex = 0; };
		E4DC298AD8D5485A99C7D430 /* InstallOptions.m */ = {isa = PBXFileReference; name = "InstallOptions.m"; path = "cordova-plugin-code-push/InstallOptions.m"; sourceTree = "<group>"; fileEncoding = 4; lastKnownFileType = sourcecode.c.objc; explicitFileType = undefined; includeInIndex = 0; };
		4CAD6A45DC7B4C36803C5CF0 /* StatusReport.m */ = {isa = PBXFileReference; name = "StatusReport.m"; path = "cordova-plugin-code-push/StatusReport.m"; sourceTree = "<group>"; fileEncoding = 4; lastKnownFileType = sourcecode.c.objc; explicitFileType = undefined; includeInIndex = 0; };
		7AA861702BAB4AB3963CDCDD /* UpdateHashUtils.m */ = {isa = PBXFileReference; name = "UpdateHashUtils.m"; path = "cordova-plugin-code-push/UpdateHashUtils.m"; sourceTree = "<group>"; fileEncoding = 4; lastKnownFileType = sourcecode.c.objc; explicitFileType = undefined; includeInIndex = 0; };
		40775E49FA834AFBA529B18E /* Utilities.m */ = {isa = PBXFileReference; name = "Utilities.m"; path = "cordova-plugin-code-push/Utilities.m"; sourceTree = "<group>"; fileEncoding = 4; lastKnownFileType = sourcecode.c.objc; explicitFileType = undefined; includeInIndex = 0; };
		A6377713301C429DACEDB0D8 /* CDVWKWebViewEngine+CodePush.m */ = {isa = PBXFileReference; name = "CDVWKWebViewEngine+CodePush.m"; path = "cordova-plugin-code-push/CDVWKWebViewEngine+CodePush.m"; sourceTree = "<group>"; fileEncoding = 4; lastKnownFileType = sourcecode.c.objc; explicitFileType = undefined; includeInIndex = 0; };
		4EF57B7890DD417FBC0DAC3A /* CodePushJWTAlgorithmFactory.m */ = {isa = PBXFileReference; name = "CodePushJWTAlgorithmFactory.m"; path = "cordova-plugin-code-push/CodePushJWTAlgorithmFactory.m"; sourceTree = "<group>"; fileEncoding = 4; lastKnownFileType = sourcecode.c.objc; explicitFileType = undefined; includeInIndex = 0; };
		8866BAE20ADC46BE9CF8E017 /* CodePushJWTAlgorithmNone.m */ = {isa = PBXFileReference; name = "CodePushJWTAlgorithmNone.m"; path = "cordova-plugin-code-push/CodePushJWTAlgorithmNone.m"; sourceTree = "<group>"; fileEncoding = 4; lastKnownFileType = sourcecode.c.objc; explicitFileType = undefined; includeInIndex = 0; };
		FE8BE66F0F644E7F9EA02207 /* CodePushJWTAlgorithmESBase.m */ = {isa = PBXFileReference; name = "CodePushJWTAlgorithmESBase.m"; path = "cordova-plugin-code-push/CodePushJWTAlgorithmESBase.m"; sourceTree = "<group>"; fileEncoding = 4; lastKnownFileType = sourcecode.c.objc; explicitFileType = undefined; includeInIndex = 0; };
		D1F630B4688F4AA4A067CB08 /* CodePushJWTAlgorithmDataHolder.m */ = {isa = PBXFileReference; name = "CodePushJWTAlgorithmDataHolder.m"; path = "cordova-plugin-code-push/CodePushJWTAlgorithmDataHolder.m"; sourceTree = "<group>"; fileEncoding = 4; lastKnownFileType = sourcecode.c.objc; explicitFileType = undefined; includeInIndex = 0; };
		351AEFED4D0F4E5B8CFF1FDC /* CodePushJWTAlgorithmDataHolderChain.m */ = {isa = PBXFileReference; name = "CodePushJWTAlgorithmDataHolderChain.m"; path = "cordova-plugin-code-push/CodePushJWTAlgorithmDataHolderChain.m"; sourceTree = "<group>"; fileEncoding = 4; lastKnownFileType = sourcecode.c.objc; explicitFileType = undefined; includeInIndex = 0; };
		160E1246123340FD9D76D8C2 /* CodePushJWTAlgorithmHSBase.m */ = {isa = PBXFileReference; name = "CodePushJWTAlgorithmHSBase.m"; path = "cordova-plugin-code-push/CodePushJWTAlgorithmHSBase.m"; sourceTree = "<group>"; fileEncoding = 4; lastKnownFileType = sourcecode.c.objc; explicitFileType = undefined; includeInIndex = 0; };
		E3AC326431964636B3854126 /* CodePushJWTAlgorithmRSBase.m */ = {isa = PBXFileReference; name = "CodePushJWTAlgorithmRSBase.m"; path = "cordova-plugin-code-push/CodePushJWTAlgorithmRSBase.m"; sourceTree = "<group>"; fileEncoding = 4; lastKnownFileType = sourcecode.c.objc; explicitFileType = undefined; includeInIndex = 0; };
		A9E5A2640C8C40FEB507BB65 /* CodePushJWTCryptoKey.m */ = {isa = PBXFileReference; name = "CodePushJWTCryptoKey.m"; path = "cordova-plugin-code-push/CodePushJWTCryptoKey.m"; sourceTree = "<group>"; fileEncoding = 4; lastKnownFileType = sourcecode.c.objc; explicitFileType = undefined; includeInIndex = 0; };
		F966934956104CC684B2A65B /* CodePushJWTCryptoKeyExtractor.m */ = {isa = PBXFileReference; name = "CodePushJWTCryptoKeyExtractor.m"; path = "cordova-plugin-code-push/CodePushJWTCryptoKeyExtractor.m"; sourceTree = "<group>"; fileEncoding = 4; lastKnownFileType = sourcecode.c.objc; explicitFileType = undefined; includeInIndex = 0; };
		3205AF68D683414DBD9ED9F0 /* CodePushJWTCryptoSecurity.m */ = {isa = PBXFileReference; name = "CodePushJWTCryptoSecurity.m"; path = "cordova-plugin-code-push/CodePushJWTCryptoSecurity.m"; sourceTree = "<group>"; fileEncoding = 4; lastKnownFileType = sourcecode.c.objc; explicitFileType = undefined; includeInIndex = 0; };
		11CB4625F2D0482EA2A342D2 /* CodePushJWTClaim.m */ = {isa = PBXFileReference; name = "CodePushJWTClaim.m"; path = "cordova-plugin-code-push/CodePushJWTClaim.m"; sourceTree = "<group>"; fileEncoding = 4; lastKnownFileType = sourcecode.c.objc; explicitFileType = undefined; includeInIndex = 0; };
		5D972CD3E8204CC2B39CE21E /* CodePushJWTClaimsSet.m */ = {isa = PBXFileReference; name = "CodePushJWTClaimsSet.m"; path = "cordova-plugin-code-push/CodePushJWTClaimsSet.m"; sourceTree = "<group>"; fileEncoding = 4; lastKnownFileType = sourcecode.c.objc; explicitFileType = undefined; includeInIndex = 0; };
		E201A57542BA450393B3566A /* CodePushJWTClaimsSetSerializer.m */ = {isa = PBXFileReference; name = "CodePushJWTClaimsSetSerializer.m"; path = "cordova-plugin-code-push/CodePushJWTClaimsSetSerializer.m"; sourceTree = "<group>"; fileEncoding = 4; lastKnownFileType = sourcecode.c.objc; explicitFileType = undefined; includeInIndex = 0; };
		E068F1B03EBA4AD398F46801 /* CodePushJWTClaimsSetVerifier.m */ = {isa = PBXFileReference; name = "CodePushJWTClaimsSetVerifier.m"; path = "cordova-plugin-code-push/CodePushJWTClaimsSetVerifier.m"; sourceTree = "<group>"; fileEncoding = 4; lastKnownFileType = sourcecode.c.objc; explicitFileType = undefined; includeInIndex = 0; };
		0FC71BEE82C040DE9F4CB94D /* CodePushJWTCoding+ResultTypes.m */ = {isa = PBXFileReference; name = "CodePushJWTCoding+ResultTypes.m"; path = "cordova-plugin-code-push/CodePushJWTCoding+ResultTypes.m"; sourceTree = "<group>"; fileEncoding = 4; lastKnownFileType = sourcecode.c.objc; explicitFileType = undefined; includeInIndex = 0; };
		54302D3AE3CE4C409E10B5AE /* CodePushJWTCoding+VersionOne.m */ = {isa = PBXFileReference; name = "CodePushJWTCoding+VersionOne.m"; path = "cordova-plugin-code-push/CodePushJWTCoding+VersionOne.m"; sourceTree = "<group>"; fileEncoding = 4; lastKnownFileType = sourcecode.c.objc; explicitFileType = undefined; includeInIndex = 0; };
		FF19D6C7EBC34EEC9112A809 /* CodePushJWTCoding+VersionThree.m */ = {isa = PBXFileReference; name = "CodePushJWTCoding+VersionThree.m"; path = "cordova-plugin-code-push/CodePushJWTCoding+VersionThree.m"; sourceTree = "<group>"; fileEncoding = 4; lastKnownFileType = sourcecode.c.objc; explicitFileType = undefined; includeInIndex = 0; };
		A9C71A2A42CC45EFBF029EDC /* CodePushJWTCoding+VersionTwo.m */ = {isa = PBXFileReference; name = "CodePushJWTCoding+VersionTwo.m"; path = "cordova-plugin-code-push/CodePushJWTCoding+VersionTwo.m"; sourceTree = "<group>"; fileEncoding = 4; lastKnownFileType = sourcecode.c.objc; explicitFileType = undefined; includeInIndex = 0; };
		DB884B1911C34AB1AEFAE3F7 /* CodePushJWTCoding.m */ = {isa = PBXFileReference; name = "CodePushJWTCoding.m"; path = "cordova-plugin-code-push/CodePushJWTCoding.m"; sourceTree = "<group>"; fileEncoding = 4; lastKnownFileType = sourcecode.c.objc; explicitFileType = undefined; includeInIndex = 0; };
		828344F2EC3C46258EEC67F3 /* CodePushJWTBase64Coder.m */ = {isa = PBXFileReference; name = "CodePushJWTBase64Coder.m"; path = "cordova-plugin-code-push/CodePushJWTBase64Coder.m"; sourceTree = "<group>"; fileEncoding = 4; lastKnownFileType = sourcecode.c.objc; explicitFileType = undefined; includeInIndex = 0; };
		D6079FE39E634A2487B2E641 /* CodePushJWTErrorDescription.m */ = {isa = PBXFileReference; name = "CodePushJWTErrorDescription.m"; path = "cordova-plugin-code-push/CodePushJWTErrorDescription.m"; sourceTree = "<group>"; fileEncoding = 4; lastKnownFileType = sourcecode.c.objc; explicitFileType = undefined; includeInIndex = 0; };
		E3AAD7879AAA473CADAA0433 /* CodePushMF_Base64Additions.m */ = {isa = PBXFileReference; name = "CodePushMF_Base64Additions.m"; path = "cordova-plugin-code-push/CodePushMF_Base64Additions.m"; sourceTree = "<group>"; fileEncoding = 4; lastKnownFileType = sourcecode.c.objc; explicitFileType = undefined; includeInIndex = 0; };
		64ECDEDD29664C719E68E5E0 /* CodePush.h */ = {isa = PBXFileReference; name = "CodePush.h"; path = "cordova-plugin-code-push/CodePush.h"; sourceTree = "<group>"; fileEncoding = 4; lastKnownFileType = sourcecode.c.h; explicitFileType = undefined; includeInIndex = 0; };
		179BDE482E40449B9C9B59C8 /* CodePushPackageMetadata.h */ = {isa = PBXFileReference; name = "CodePushPackageMetadata.h"; path = "cordova-plugin-code-push/CodePushPackageMetadata.h"; sourceTree = "<group>"; fileEncoding = 4; lastKnownFileType = sourcecode.c.h; explicitFileType = undefined; includeInIndex = 0; };
		6008132ED74F486F9995BEF1 /* CodePushPackageManager.h */ = {isa = PBXFileReference; name = "CodePushPackageManager.h"; path = "cordova-plugin-code-push/CodePushPackageManager.h"; sourceTree = "<group>"; fileEncoding = 4; lastKnownFileType = sourcecode.c.h; explicitFileType = undefined; includeInIndex = 0; };
		E76564CFF83D4F8A8006D069 /* CodePushReportingManager.h */ = {isa = PBXFileReference; name = "CodePushReportingManager.h"; path = "cordova-plugin-code-push/CodePushReportingManager.h"; sourceTree = "<group>"; fileEncoding = 4; lastKnownFileType = sourcecode.c.h; explicitFileType = undefined; includeInIndex = 0; };
		B2DFEDC172E642F7861E782E /* InstallOptions.h */ = {isa = PBXFileReference; name = "InstallOptions.h"; path = "cordova-plugin-code-push/InstallOptions.h"; sourceTree = "<group>"; fileEncoding = 4; lastKnownFileType = sourcecode.c.h; explicitFileType = undefined; includeInIndex = 0; };
		F3E845ADF91347A0840EB7F9 /* InstallMode.h */ = {isa = PBXFileReference; name = "InstallMode.h"; path = "cordova-plugin-code-push/InstallMode.h"; sourceTree = "<group>"; fileEncoding = 4; lastKnownFileType = sourcecode.c.h; explicitFileType = undefined; includeInIndex = 0; };
		D4B1F2C8CDB1459285025835 /* StatusReport.h */ = {isa = PBXFileReference; name = "StatusReport.h"; path = "cordova-plugin-code-push/StatusReport.h"; sourceTree = "<group>"; fileEncoding = 4; lastKnownFileType = sourcecode.c.h; explicitFileType = undefined; includeInIndex = 0; };
		B36DEBB1ED514B8FA69CA3FA /* UpdateHashUtils.h */ = {isa = PBXFileReference; name = "UpdateHashUtils.h"; path = "cordova-plugin-code-push/UpdateHashUtils.h"; sourceTree = "<group>"; fileEncoding = 4; lastKnownFileType = sourcecode.c.h; explicitFileType = undefined; includeInIndex = 0; };
		37C7C34C8FA847A8A565672D /* Utilities.h */ = {isa = PBXFileReference; name = "Utilities.h"; path = "cordova-plugin-code-push/Utilities.h"; sourceTree = "<group>"; fileEncoding = 4; lastKnownFileType = sourcecode.c.h; explicitFileType = undefined; includeInIndex = 0; };
		1116ACC13F694509A4465476 /* CodePushJWTAlgorithm.h */ = {isa = PBXFileReference; name = "CodePushJWTAlgorithm.h"; path = "cordova-plugin-code-push/CodePushJWTAlgorithm.h"; sourceTree = "<group>"; fileEncoding = 4; lastKnownFileType = sourcecode.c.h; explicitFileType = undefined; includeInIndex = 0; };
		BF75AF50239F4628B02051B1 /* CodePushJWTAlgorithmFactory.h */ = {isa = PBXFileReference; name = "CodePushJWTAlgorithmFactory.h"; path = "cordova-plugin-code-push/CodePushJWTAlgorithmFactory.h"; sourceTree = "<group>"; fileEncoding = 4; lastKnownFileType = sourcecode.c.h; explicitFileType = undefined; includeInIndex = 0; };
		99B10EB391A4441380792C47 /* CodePushJWTAlgorithmNone.h */ = {isa = PBXFileReference; name = "CodePushJWTAlgorithmNone.h"; path = "cordova-plugin-code-push/CodePushJWTAlgorithmNone.h"; sourceTree = "<group>"; fileEncoding = 4; lastKnownFileType = sourcecode.c.h; explicitFileType = undefined; includeInIndex = 0; };
		DAF0AB5F0F5B4E62BDAFB7D6 /* CodePushJWTAlgorithmESBase.h */ = {isa = PBXFileReference; name = "CodePushJWTAlgorithmESBase.h"; path = "cordova-plugin-code-push/CodePushJWTAlgorithmESBase.h"; sourceTree = "<group>"; fileEncoding = 4; lastKnownFileType = sourcecode.c.h; explicitFileType = undefined; includeInIndex = 0; };
		C1C67FAFA90D49F8A13B8BEE /* CodePushJWTAlgorithmDataHolder.h */ = {isa = PBXFileReference; name = "CodePushJWTAlgorithmDataHolder.h"; path = "cordova-plugin-code-push/CodePushJWTAlgorithmDataHolder.h"; sourceTree = "<group>"; fileEncoding = 4; lastKnownFileType = sourcecode.c.h; explicitFileType = undefined; includeInIndex = 0; };
		AE22BB65C698454F9A17D29A /* CodePushJWTAlgorithmDataHolderChain.h */ = {isa = PBXFileReference; name = "CodePushJWTAlgorithmDataHolderChain.h"; path = "cordova-plugin-code-push/CodePushJWTAlgorithmDataHolderChain.h"; sourceTree = "<group>"; fileEncoding = 4; lastKnownFileType = sourcecode.c.h; explicitFileType = undefined; includeInIndex = 0; };
		B3C4ADA56E7B44B1920947F5 /* CodePushJWTAlgorithmHSBase.h */ = {isa = PBXFileReference; name = "CodePushJWTAlgorithmHSBase.h"; path = "cordova-plugin-code-push/CodePushJWTAlgorithmHSBase.h"; sourceTree = "<group>"; fileEncoding = 4; lastKnownFileType = sourcecode.c.h; explicitFileType = undefined; includeInIndex = 0; };
		4DEDF32315794AAF81FAC540 /* CodePushJWTAlgorithmRSBase.h */ = {isa = PBXFileReference; name = "CodePushJWTAlgorithmRSBase.h"; path = "cordova-plugin-code-push/CodePushJWTAlgorithmRSBase.h"; sourceTree = "<group>"; fileEncoding = 4; lastKnownFileType = sourcecode.c.h; explicitFileType = undefined; includeInIndex = 0; };
		85E1C4633C19408E848C1CAC /* CodePushJWTRSAlgorithm.h */ = {isa = PBXFileReference; name = "CodePushJWTRSAlgorithm.h"; path = "cordova-plugin-code-push/CodePushJWTRSAlgorithm.h"; sourceTree = "<group>"; fileEncoding = 4; lastKnownFileType = sourcecode.c.h; explicitFileType = undefined; includeInIndex = 0; };
		13B57428E4584A938279135B /* CodePushJWTCryptoKey.h */ = {isa = PBXFileReference; name = "CodePushJWTCryptoKey.h"; path = "cordova-plugin-code-push/CodePushJWTCryptoKey.h"; sourceTree = "<group>"; fileEncoding = 4; lastKnownFileType = sourcecode.c.h; explicitFileType = undefined; includeInIndex = 0; };
		7C8C179FBB25404C9DE69D29 /* CodePushJWTCryptoKeyExtractor.h */ = {isa = PBXFileReference; name = "CodePushJWTCryptoKeyExtractor.h"; path = "cordova-plugin-code-push/CodePushJWTCryptoKeyExtractor.h"; sourceTree = "<group>"; fileEncoding = 4; lastKnownFileType = sourcecode.c.h; explicitFileType = undefined; includeInIndex = 0; };
		7EB7FF3EE56C4318BAE7289C /* CodePushJWTCryptoSecurity.h */ = {isa = PBXFileReference; name = "CodePushJWTCryptoSecurity.h"; path = "cordova-plugin-code-push/CodePushJWTCryptoSecurity.h"; sourceTree = "<group>"; fileEncoding = 4; lastKnownFileType = sourcecode.c.h; explicitFileType = undefined; includeInIndex = 0; };
		EF9563FC68974D19A011CDCF /* CodePushJWTClaim.h */ = {isa = PBXFileReference; name = "CodePushJWTClaim.h"; path = "cordova-plugin-code-push/CodePushJWTClaim.h"; sourceTree = "<group>"; fileEncoding = 4; lastKnownFileType = sourcecode.c.h; explicitFileType = undefined; includeInIndex = 0; };
		C082F755A33C4B75B664FDD8 /* CodePushJWTClaimsSet.h */ = {isa = PBXFileReference; name = "CodePushJWTClaimsSet.h"; path = "cordova-plugin-code-push/CodePushJWTClaimsSet.h"; sourceTree = "<group>"; fileEncoding = 4; lastKnownFileType = sourcecode.c.h; explicitFileType = undefined; includeInIndex = 0; };
		77E8A27ECB7941A2B691E1C8 /* CodePushJWTClaimsSetSerializer.h */ = {isa = PBXFileReference; name = "CodePushJWTClaimsSetSerializer.h"; path = "cordova-plugin-code-push/CodePushJWTClaimsSetSerializer.h"; sourceTree = "<group>"; fileEncoding = 4; lastKnownFileType = sourcecode.c.h; explicitFileType = undefined; includeInIndex = 0; };
		E50EFE88018D48768502EE62 /* CodePushJWTClaimsSetVerifier.h */ = {isa = PBXFileReference; name = "CodePushJWTClaimsSetVerifier.h"; path = "cordova-plugin-code-push/CodePushJWTClaimsSetVerifier.h"; sourceTree = "<group>"; fileEncoding = 4; lastKnownFileType = sourcecode.c.h; explicitFileType = undefined; includeInIndex = 0; };
		8DE2BBF3FA38418FA1D27E25 /* CodePushJWTCoding+ResultTypes.h */ = {isa = PBXFileReference; name = "CodePushJWTCoding+ResultTypes.h"; path = "cordova-plugin-code-push/CodePushJWTCoding+ResultTypes.h"; sourceTree = "<group>"; fileEncoding = 4; lastKnownFileType = sourcecode.c.h; explicitFileType = undefined; includeInIndex = 0; };
		80F22F7C292948F49BAFF9ED /* CodePushJWTCoding+VersionOne.h */ = {isa = PBXFileReference; name = "CodePushJWTCoding+VersionOne.h"; path = "cordova-plugin-code-push/CodePushJWTCoding+VersionOne.h"; sourceTree = "<group>"; fileEncoding = 4; lastKnownFileType = sourcecode.c.h; explicitFileType = undefined; includeInIndex = 0; };
		383867C4129E4CFA8B38FDB3 /* CodePushJWTCoding+VersionThree.h */ = {isa = PBXFileReference; name = "CodePushJWTCoding+VersionThree.h"; path = "cordova-plugin-code-push/CodePushJWTCoding+VersionThree.h"; sourceTree = "<group>"; fileEncoding = 4; lastKnownFileType = sourcecode.c.h; explicitFileType = undefined; includeInIndex = 0; };
		E54AEEEFFC6F4B7ABD4F055B /* CodePushJWTCoding+VersionTwo.h */ = {isa = PBXFileReference; name = "CodePushJWTCoding+VersionTwo.h"; path = "cordova-plugin-code-push/CodePushJWTCoding+VersionTwo.h"; sourceTree = "<group>"; fileEncoding = 4; lastKnownFileType = sourcecode.c.h; explicitFileType = undefined; includeInIndex = 0; };
		C3127DC24DD34C58A46292FF /* CodePushJWTCoding.h */ = {isa = PBXFileReference; name = "CodePushJWTCoding.h"; path = "cordova-plugin-code-push/CodePushJWTCoding.h"; sourceTree = "<group>"; fileEncoding = 4; lastKnownFileType = sourcecode.c.h; explicitFileType = undefined; includeInIndex = 0; };
		3669CE1C67714817AB9ACE44 /* CodePushJWT.h */ = {isa = PBXFileReference; name = "CodePushJWT.h"; path = "cordova-plugin-code-push/CodePushJWT.h"; sourceTree = "<group>"; fileEncoding = 4; lastKnownFileType = sourcecode.c.h; explicitFileType = undefined; includeInIndex = 0; };
		102D46501BF14E3BA19A06C3 /* CodePushJWTBase64Coder.h */ = {isa = PBXFileReference; name = "CodePushJWTBase64Coder.h"; path = "cordova-plugin-code-push/CodePushJWTBase64Coder.h"; sourceTree = "<group>"; fileEncoding = 4; lastKnownFileType = sourcecode.c.h; explicitFileType = undefined; includeInIndex = 0; };
		4B33DB629029441CB6B2A862 /* CodePushJWTDeprecations.h */ = {isa = PBXFileReference; name = "CodePushJWTDeprecations.h"; path = "cordova-plugin-code-push/CodePushJWTDeprecations.h"; sourceTree = "<group>"; fileEncoding = 4; lastKnownFileType = sourcecode.c.h; explicitFileType = undefined; includeInIndex = 0; };
		2D17A8DCEC8242448A033470 /* CodePushJWTErrorDescription.h */ = {isa = PBXFileReference; name = "CodePushJWTErrorDescription.h"; path = "cordova-plugin-code-push/CodePushJWTErrorDescription.h"; sourceTree = "<group>"; fileEncoding = 4; lastKnownFileType = sourcecode.c.h; explicitFileType = undefined; includeInIndex = 0; };
		BA3CA3F1EC4D46BDBB333A56 /* CodePushMF_Base64Additions.h */ = {isa = PBXFileReference; name = "CodePushMF_Base64Additions.h"; path = "cordova-plugin-code-push/CodePushMF_Base64Additions.h"; sourceTree = "<group>"; fileEncoding = 4; lastKnownFileType = sourcecode.c.h; explicitFileType = undefined; includeInIndex = 0; };
		A567EF4C6D194D198B8E806C /* CDVFile.m */ = {isa = PBXFileReference; name = "CDVFile.m"; path = "cordova-plugin-file/CDVFile.m"; sourceTree = "<group>"; fileEncoding = 4; lastKnownFileType = sourcecode.c.objc; explicitFileType = undefined; includeInIndex = 0; };
		C6AFBF0CFA2F4EFC81EEE38F /* CDVLocalFilesystem.m */ = {isa = PBXFileReference; name = "CDVLocalFilesystem.m"; path = "cordova-plugin-file/CDVLocalFilesystem.m"; sourceTree = "<group>"; fileEncoding = 4; lastKnownFileType = sourcecode.c.objc; explicitFileType = undefined; includeInIndex = 0; };
		8009C063352F4643A7326CF2 /* CDVAssetLibraryFilesystem.m */ = {isa = PBXFileReference; name = "CDVAssetLibraryFilesystem.m"; path = "cordova-plugin-file/CDVAssetLibraryFilesystem.m"; sourceTree = "<group>"; fileEncoding = 4; lastKnownFileType = sourcecode.c.objc; explicitFileType = undefined; includeInIndex = 0; };
		C778FBCE02C9436AAD2A7A64 /* CDVFile.h */ = {isa = PBXFileReference; name = "CDVFile.h"; path = "cordova-plugin-file/CDVFile.h"; sourceTree = "<group>"; fileEncoding = 4; lastKnownFileType = sourcecode.c.h; explicitFileType = undefined; includeInIndex = 0; };
		830856B52C6E4D65B33E2681 /* CDVLocalFilesystem.h */ = {isa = PBXFileReference; name = "CDVLocalFilesystem.h"; path = "cordova-plugin-file/CDVLocalFilesystem.h"; sourceTree = "<group>"; fileEncoding = 4; lastKnownFileType = sourcecode.c.h; explicitFileType = undefined; includeInIndex = 0; };
		C732EED42E1B427F91C2A824 /* CDVAssetLibraryFilesystem.h */ = {isa = PBXFileReference; name = "CDVAssetLibraryFilesystem.h"; path = "cordova-plugin-file/CDVAssetLibraryFilesystem.h"; sourceTree = "<group>"; fileEncoding = 4; lastKnownFileType = sourcecode.c.h; explicitFileType = undefined; includeInIndex = 0; };
		7BA2C55B9AB24A46B6E4DFCC /* CDVFileTransfer.m */ = {isa = PBXFileReference; name = "CDVFileTransfer.m"; path = "cordova-plugin-file-transfer/CDVFileTransfer.m"; sourceTree = "<group>"; fileEncoding = 4; lastKnownFileType = sourcecode.c.objc; explicitFileType = undefined; includeInIndex = 0; };
		B95EE54AC8D64081BA71A216 /* CDVFileTransfer.h */ = {isa = PBXFileReference; name = "CDVFileTransfer.h"; path = "cordova-plugin-file-transfer/CDVFileTransfer.h"; sourceTree = "<group>"; fileEncoding = 4; lastKnownFileType = sourcecode.c.h; explicitFileType = undefined; includeInIndex = 0; };
		A5C755D07A114071A21BB3CD /* ZipPlugin.m */ = {isa = PBXFileReference; name = "ZipPlugin.m"; path = "cordova-plugin-zip/ZipPlugin.m"; sourceTree = "<group>"; fileEncoding = 4; lastKnownFileType = sourcecode.c.objc; explicitFileType = undefined; includeInIndex = 0; };
		FB4560D8707F45D282171902 /* aescrypt.c */ = {isa = PBXFileReference; name = "aescrypt.c"; path = "cordova-plugin-zip/Plugins/aes/aescrypt.c"; sourceTree = "<group>"; fileEncoding = undefined; lastKnownFileType = unknown; explicitFileType = undefined; includeInIndex = 0; };
		2EA89AD858B5456D849A8ECA /* aeskey.c */ = {isa = PBXFileReference; name = "aeskey.c"; path = "cordova-plugin-zip/Plugins/aes/aeskey.c"; sourceTree = "<group>"; fileEncoding = undefined; lastKnownFileType = unknown; explicitFileType = undefined; includeInIndex = 0; };
		A1DA9F57C62149AE944000D0 /* aestab.c */ = {isa = PBXFileReference; name = "aestab.c"; path = "cordova-plugin-zip/Plugins/aes/aestab.c"; sourceTree = "<group>"; fileEncoding = undefined; lastKnownFileType = unknown; explicitFileType = undefined; includeInIndex = 0; };
		41E5D9A0B09D4080A4EC8155 /* entropy.c */ = {isa = PBXFileReference; name = "entropy.c"; path = "cordova-plugin-zip/Plugins/aes/entropy.c"; sourceTree = "<group>"; fileEncoding = undefined; lastKnownFileType = unknown; explicitFileType = undefined; includeInIndex = 0; };
		25EE62BBF8BA408FAB62B047 /* fileenc.c */ = {isa = PBXFileReference; name = "fileenc.c"; path = "cordova-plugin-zip/Plugins/aes/fileenc.c"; sourceTree = "<group>"; fileEncoding = undefined; lastKnownFileType = unknown; explicitFileType = undefined; includeInIndex = 0; };
		93444D2E6688402F952E5655 /* hmac.c */ = {isa = PBXFileReference; name = "hmac.c"; path = "cordova-plugin-zip/Plugins/aes/hmac.c"; sourceTree = "<group>"; fileEncoding = undefined; lastKnownFileType = unknown; explicitFileType = undefined; includeInIndex = 0; };
		4350ADBB5BFF4C4CAADE3B0E /* prng.c */ = {isa = PBXFileReference; name = "prng.c"; path = "cordova-plugin-zip/Plugins/aes/prng.c"; sourceTree = "<group>"; fileEncoding = undefined; lastKnownFileType = unknown; explicitFileType = undefined; includeInIndex = 0; };
		D0C9762697C44B459FB98612 /* pwd2key.c */ = {isa = PBXFileReference; name = "pwd2key.c"; path = "cordova-plugin-zip/Plugins/aes/pwd2key.c"; sourceTree = "<group>"; fileEncoding = undefined; lastKnownFileType = unknown; explicitFileType = undefined; includeInIndex = 0; };
		84082A6B889B407CA27B46FC /* sha1.c */ = {isa = PBXFileReference; name = "sha1.c"; path = "cordova-plugin-zip/Plugins/aes/sha1.c"; sourceTree = "<group>"; fileEncoding = undefined; lastKnownFileType = unknown; explicitFileType = undefined; includeInIndex = 0; };
		E67E4435CC72472797EC74C0 /* SSZipArchive.m */ = {isa = PBXFileReference; name = "SSZipArchive.m"; path = "cordova-plugin-zip/Plugins/minizip/SSZipArchive.m"; sourceTree = "<group>"; fileEncoding = 4; lastKnownFileType = sourcecode.c.objc; explicitFileType = undefined; includeInIndex = 0; };
		D71133EBA1094D7EA11CEF7F /* zip.c */ = {isa = PBXFileReference; name = "zip.c"; path = "cordova-plugin-zip/Plugins/minizip/zip.c"; sourceTree = "<group>"; fileEncoding = undefined; lastKnownFileType = unknown; explicitFileType = undefined; includeInIndex = 0; };
		765AFFB0B0EE4F6D9219783B /* unzip.c */ = {isa = PBXFileReference; name = "unzip.c"; path = "cordova-plugin-zip/Plugins/minizip/unzip.c"; sourceTree = "<group>"; fileEncoding = undefined; lastKnownFileType = unknown; explicitFileType = undefined; includeInIndex = 0; };
		D83617C3B1814A8B8EA4CA2E /* mztools.c */ = {isa = PBXFileReference; name = "mztools.c"; path = "cordova-plugin-zip/Plugins/minizip/mztools.c"; sourceTree = "<group>"; fileEncoding = undefined; lastKnownFileType = unknown; explicitFileType = undefined; includeInIndex = 0; };
		1ADBEC2E0646479AB3E6F082 /* ioapi.c */ = {isa = PBXFileReference; name = "ioapi.c"; path = "cordova-plugin-zip/Plugins/minizip/ioapi.c"; sourceTree = "<group>"; fileEncoding = undefined; lastKnownFileType = unknown; explicitFileType = undefined; includeInIndex = 0; };
		553566EF889A4B449D6BCF0C /* ZipPlugin.h */ = {isa = PBXFileReference; name = "ZipPlugin.h"; path = "cordova-plugin-zip/ZipPlugin.h"; sourceTree = "<group>"; fileEncoding = 4; lastKnownFileType = sourcecode.c.h; explicitFileType = undefined; includeInIndex = 0; };
		8EB8BA897ED9475BBE210DAB /* Common.h */ = {isa = PBXFileReference; name = "Common.h"; path = "cordova-plugin-zip/Common.h"; sourceTree = "<group>"; fileEncoding = 4; lastKnownFileType = sourcecode.c.h; explicitFileType = undefined; includeInIndex = 0; };
		40CFCEAF424F42399AEB0F66 /* aes.h */ = {isa = PBXFileReference; name = "aes.h"; path = "cordova-plugin-zip/Plugins/aes/aes.h"; sourceTree = "<group>"; fileEncoding = 4; lastKnownFileType = sourcecode.c.h; explicitFileType = undefined; includeInIndex = 0; };
		25082562654E476AA19F158C /* aes_via_ace.h */ = {isa = PBXFileReference; name = "aes_via_ace.h"; path = "cordova-plugin-zip/Plugins/aes/aes_via_ace.h"; sourceTree = "<group>"; fileEncoding = 4; lastKnownFileType = sourcecode.c.h; explicitFileType = undefined; includeInIndex = 0; };
		48D53F52BBDD4D1F9BDCA457 /* aesopt.h */ = {isa = PBXFileReference; name = "aesopt.h"; path = "cordova-plugin-zip/Plugins/aes/aesopt.h"; sourceTree = "<group>"; fileEncoding = 4; lastKnownFileType = sourcecode.c.h; explicitFileType = undefined; includeInIndex = 0; };
		F842D6F722D342F6911A0753 /* aestab.h */ = {isa = PBXFileReference; name = "aestab.h"; path = "cordova-plugin-zip/Plugins/aes/aestab.h"; sourceTree = "<group>"; fileEncoding = 4; lastKnownFileType = sourcecode.c.h; explicitFileType = undefined; includeInIndex = 0; };
		5CE2DC5FDE0E419EBE9AFC85 /* brg_endian.h */ = {isa = PBXFileReference; name = "brg_endian.h"; path = "cordova-plugin-zip/Plugins/aes/brg_endian.h"; sourceTree = "<group>"; fileEncoding = 4; lastKnownFileType = sourcecode.c.h; explicitFileType = undefined; includeInIndex = 0; };
		AB33383E9EF540AB8C6BAE66 /* brg_types.h */ = {isa = PBXFileReference; name = "brg_types.h"; path = "cordova-plugin-zip/Plugins/aes/brg_types.h"; sourceTree = "<group>"; fileEncoding = 4; lastKnownFileType = sourcecode.c.h; explicitFileType = undefined; includeInIndex = 0; };
		8F21432C030A440598EB62A1 /* entropy.h */ = {isa = PBXFileReference; name = "entropy.h"; path = "cordova-plugin-zip/Plugins/aes/entropy.h"; sourceTree = "<group>"; fileEncoding = 4; lastKnownFileType = sourcecode.c.h; explicitFileType = undefined; includeInIndex = 0; };
		CD246EE4B08D4CD0AE3923EF /* fileenc.h */ = {isa = PBXFileReference; name = "fileenc.h"; path = "cordova-plugin-zip/Plugins/aes/fileenc.h"; sourceTree = "<group>"; fileEncoding = 4; lastKnownFileType = sourcecode.c.h; explicitFileType = undefined; includeInIndex = 0; };
		981D5C86C64949F18F673B01 /* hmac.h */ = {isa = PBXFileReference; name = "hmac.h"; path = "cordova-plugin-zip/Plugins/aes/hmac.h"; sourceTree = "<group>"; fileEncoding = 4; lastKnownFileType = sourcecode.c.h; explicitFileType = undefined; includeInIndex = 0; };
		74F535AE295E48FA9A8847B3 /* prng.h */ = {isa = PBXFileReference; name = "prng.h"; path = "cordova-plugin-zip/Plugins/aes/prng.h"; sourceTree = "<group>"; fileEncoding = 4; lastKnownFileType = sourcecode.c.h; explicitFileType = undefined; includeInIndex = 0; };
		77EEEF3E18544662BCE7E1AD /* pwd2key.h */ = {isa = PBXFileReference; name = "pwd2key.h"; path = "cordova-plugin-zip/Plugins/aes/pwd2key.h"; sourceTree = "<group>"; fileEncoding = 4; lastKnownFileType = sourcecode.c.h; explicitFileType = undefined; includeInIndex = 0; };
		0455C7B61CF44CA69A8BE1F4 /* sha1.h */ = {isa = PBXFileReference; name = "sha1.h"; path = "cordova-plugin-zip/Plugins/aes/sha1.h"; sourceTree = "<group>"; fileEncoding = 4; lastKnownFileType = sourcecode.c.h; explicitFileType = undefined; includeInIndex = 0; };
		F4B73E49FE6D481D8E6C4B25 /* SSZipArchive.h */ = {isa = PBXFileReference; name = "SSZipArchive.h"; path = "cordova-plugin-zip/Plugins/minizip/SSZipArchive.h"; sourceTree = "<group>"; fileEncoding = 4; lastKnownFileType = sourcecode.c.h; explicitFileType = undefined; includeInIndex = 0; };
		A719D0726B964BAEB156C07F /* zip.h */ = {isa = PBXFileReference; name = "zip.h"; path = "cordova-plugin-zip/Plugins/minizip/zip.h"; sourceTree = "<group>"; fileEncoding = 4; lastKnownFileType = sourcecode.c.h; explicitFileType = undefined; includeInIndex = 0; };
		0E7CD07E20664F058AC794CC /* unzip.h */ = {isa = PBXFileReference; name = "unzip.h"; path = "cordova-plugin-zip/Plugins/minizip/unzip.h"; sourceTree = "<group>"; fileEncoding = 4; lastKnownFileType = sourcecode.c.h; explicitFileType = undefined; includeInIndex = 0; };
		9E36D7AB8690447EBA142633 /* mztools.h */ = {isa = PBXFileReference; name = "mztools.h"; path = "cordova-plugin-zip/Plugins/minizip/mztools.h"; sourceTree = "<group>"; fileEncoding = 4; lastKnownFileType = sourcecode.c.h; explicitFileType = undefined; includeInIndex = 0; };
		1EA0753D050648068E10C76A /* ioapi.h */ = {isa = PBXFileReference; name = "ioapi.h"; path = "cordova-plugin-zip/Plugins/minizip/ioapi.h"; sourceTree = "<group>"; fileEncoding = 4; lastKnownFileType = sourcecode.c.h; explicitFileType = undefined; includeInIndex = 0; };
		A0D6FE10BB584264ABD3DA6F /* crypt.h */ = {isa = PBXFileReference; name = "crypt.h"; path = "cordova-plugin-zip/Plugins/minizip/crypt.h"; sourceTree = "<group>"; fileEncoding = 4; lastKnownFileType = sourcecode.c.h; explicitFileType = undefined; includeInIndex = 0; };
		01F70133CC55467AACC675DA /* libz.dylib */ = {isa = PBXFileReference; name = "libz.dylib"; path = "usr/lib/libz.dylib"; sourceTree = SDKROOT; fileEncoding = undefined; lastKnownFileType = compiled.mach-o.dylib; explicitFileType = undefined; includeInIndex = 0; };
		4BA9531F0F4F4160860924B7 /* UIImage+CropScaleOrientation.m */ = {isa = PBXFileReference; name = "UIImage+CropScaleOrientation.m"; path = "cordova-plugin-camera/UIImage+CropScaleOrientation.m"; sourceTree = "<group>"; fileEncoding = 4; lastKnownFileType = sourcecode.c.objc; explicitFileType = undefined; includeInIndex = 0; };
		36DCC8B3A2A34217998D0B51 /* CDVCamera.m */ = {isa = PBXFileReference; name = "CDVCamera.m"; path = "cordova-plugin-camera/CDVCamera.m"; sourceTree = "<group>"; fileEncoding = 4; lastKnownFileType = sourcecode.c.objc; explicitFileType = undefined; includeInIndex = 0; };
		9478FB0BF30E46DAA45C0BA0 /* CDVJpegHeaderWriter.m */ = {isa = PBXFileReference; name = "CDVJpegHeaderWriter.m"; path = "cordova-plugin-camera/CDVJpegHeaderWriter.m"; sourceTree = "<group>"; fileEncoding = 4; lastKnownFileType = sourcecode.c.objc; explicitFileType = undefined; includeInIndex = 0; };
		8B5A62E03B0141748CE212E2 /* UIImage+CropScaleOrientation.h */ = {isa = PBXFileReference; name = "UIImage+CropScaleOrientation.h"; path = "cordova-plugin-camera/UIImage+CropScaleOrientation.h"; sourceTree = "<group>"; fileEncoding = 4; lastKnownFileType = sourcecode.c.h; explicitFileType = undefined; includeInIndex = 0; };
		9C2FB77772604B1AB0AA1A72 /* CDVCamera.h */ = {isa = PBXFileReference; name = "CDVCamera.h"; path = "cordova-plugin-camera/CDVCamera.h"; sourceTree = "<group>"; fileEncoding = 4; lastKnownFileType = sourcecode.c.h; explicitFileType = undefined; includeInIndex = 0; };
		3956E511398742ECAB3311BC /* CDVJpegHeaderWriter.h */ = {isa = PBXFileReference; name = "CDVJpegHeaderWriter.h"; path = "cordova-plugin-camera/CDVJpegHeaderWriter.h"; sourceTree = "<group>"; fileEncoding = 4; lastKnownFileType = sourcecode.c.h; explicitFileType = undefined; includeInIndex = 0; };
		4574EFE420A84ED699DA31C7 /* CDVExif.h */ = {isa = PBXFileReference; name = "CDVExif.h"; path = "cordova-plugin-camera/CDVExif.h"; sourceTree = "<group>"; fileEncoding = 4; lastKnownFileType = sourcecode.c.h; explicitFileType = undefined; includeInIndex = 0; };
		99CFD0F9440840E89FDA274C /* ImageIO.framework */ = {isa = PBXFileReference; name = "ImageIO.framework"; path = "System/Library/Frameworks/ImageIO.framework"; sourceTree = SDKROOT; fileEncoding = undefined; lastKnownFileType = wrapper.framework; explicitFileType = undefined; includeInIndex = 0; };
		1558984E01334A5E84EBE645 /* CoreLocation.framework */ = {isa = PBXFileReference; name = "CoreLocation.framework"; path = "System/Library/Frameworks/CoreLocation.framework"; sourceTree = SDKROOT; fileEncoding = undefined; lastKnownFileType = wrapper.framework; explicitFileType = undefined; includeInIndex = 0; };
		CEC9EDA4D5794E40814C6997 /* AVFoundation.framework */ = {isa = PBXFileReference; name = "AVFoundation.framework"; path = "System/Library/Frameworks/AVFoundation.framework"; sourceTree = SDKROOT; fileEncoding = undefined; lastKnownFileType = wrapper.framework; explicitFileType = undefined; includeInIndex = 0; };
/* End PBXFileReference section */

/* Begin PBXFrameworksBuildPhase section */
		1D60588F0D05DD3D006BFB54 /* Frameworks */ = {
			isa = PBXFrameworksBuildPhase;
			buildActionMask = 2147483647;
			files = (
				301BF552109A68D80062928A /* libCordova.a in Frameworks */,
				56AA4CD5005D4C4D80FAB9AF /* AudioToolbox.framework in Frameworks */,
				ADD81C141A8B429E8AF2A697 /* libz.dylib in Frameworks */,
				F7D0F946B5FC4EA6A7D6093A /* ImageIO.framework in Frameworks */,
				A82C29DA78074CB190647552 /* CoreLocation.framework in Frameworks */,
				94E92CF0B22E478585B370A4 /* AVFoundation.framework in Frameworks */,
			);
			runOnlyForDeploymentPostprocessing = 0;
		};
/* End PBXFrameworksBuildPhase section */

/* Begin PBXGroup section */
		080E96DDFE201D6D7F000001 /* Classes */ = {
			isa = PBXGroup;
			children = (
				302D95EE14D2391D003F00A1 /* MainViewController.h */,
				302D95EF14D2391D003F00A1 /* MainViewController.m */,
				302D95F014D2391D003F00A1 /* MainViewController.xib */,
				1D3623240D0F684500981E51 /* AppDelegate.h */,
				1D3623250D0F684500981E51 /* AppDelegate.m */,
			);
			name = Classes;
			path = "ttiContact/Classes";
			sourceTree = SOURCE_ROOT;
		};
		19C28FACFE9D520D11CA2CBB /* Products */ = {
			isa = PBXGroup;
			children = (
				1D6058910D05DD3D006BFB54 /* ttiContact.app */,
			);
			name = Products;
			sourceTree = "<group>";
		};
		29B97314FDCFA39411CA2CEA /* CustomTemplate */ = {
			isa = PBXGroup;
			children = (
				EB87FDF41871DAF40020F90C /* config.xml */,
				EB87FDF31871DA8E0020F90C /* www */,
				EB87FDF11871DA420020F90C /* Staging */,
				301BF52D109A57CC0062928A /* CordovaLib.xcodeproj */,
				080E96DDFE201D6D7F000001 /* Classes */,
				307C750510C5A3420062BCA9 /* Plugins */,
				29B97315FDCFA39411CA2CEA /* Other Sources */,
				29B97317FDCFA39411CA2CEA /* Resources */,
				29B97323FDCFA39411CA2CEA /* Frameworks */,
				19C28FACFE9D520D11CA2CBB /* Products */,
			);
			name = CustomTemplate;
			sourceTree = "<group>";
		};
		29B97315FDCFA39411CA2CEA /* Other Sources */ = {
			isa = PBXGroup;
			children = (
				32CA4F630368D1EE00C91783 /* ttiContact-Prefix.pch */,
				29B97316FDCFA39411CA2CEA /* main.m */,
				ED33DF2A687741AEAF9F8254 /* Bridging-Header.h */,
			);
			name = "Other Sources";
			path = "ttiContact";
			sourceTree = "<group>";
		};
		29B97317FDCFA39411CA2CEA /* Resources */ = {
			isa = PBXGroup;
			children = (
				0207DA571B56EA530066E2B4 /* Images.xcassets */,
				3047A50E1AB8057F00498E2A /* config */,
				8D1107310486CEB800E47090 /* ttiContact-Info.plist */,
				6AFF5BF81D6E424B00AB3073 /* CDVLaunchScreen.storyboard */,
				533755BFFFAB49FEA5A17876 /* CDVNotification.bundle */,
			);
			name = Resources;
			path = "ttiContact/Resources";
			sourceTree = "<group>";
		};
		29B97323FDCFA39411CA2CEA /* Frameworks */ = {
			isa = PBXGroup;
			children = (
				3160F253845E40E8B9BDEDEA /* AudioToolbox.framework */,
				01F70133CC55467AACC675DA /* libz.dylib */,
				99CFD0F9440840E89FDA274C /* ImageIO.framework */,
				1558984E01334A5E84EBE645 /* CoreLocation.framework */,
				CEC9EDA4D5794E40814C6997 /* AVFoundation.framework */,
			);
			name = Frameworks;
			sourceTree = "<group>";
		};
		301BF52E109A57CC0062928A /* Products */ = {
			isa = PBXGroup;
			children = (
				301BF535109A57CC0062928A /* libCordova.a */,
			);
			name = Products;
			sourceTree = "<group>";
		};
		3047A50E1AB8057F00498E2A /* config */ = {
			isa = PBXGroup;
			children = (
				3047A50F1AB8059700498E2A /* build-debug.xcconfig */,
				3047A5101AB8059700498E2A /* build-release.xcconfig */,
				3047A5111AB8059700498E2A /* build.xcconfig */,
			);
			name = config;
			sourceTree = "<group>";
		};
		307C750510C5A3420062BCA9 /* Plugins */ = {
			isa = PBXGroup;
			children = (
				CC875021872A429E98CA5AAD /* CDVDevice.m */,
				A7A163D299E041A3917167D9 /* CDVDevice.h */,
				1F1FB41326014139ACC7E1D1 /* CDVStatusBar.m */,
				E31E833761A04B9093D4B9B7 /* CDVStatusBar.h */,
				63FBFB070FC642138B044025 /* SQLitePlugin.m */,
				7167C77B97504E82BE56B61D /* PSPDFThreadSafeMutableDictionary.m */,
				A0B0682E42AE4BB189FBC894 /* sqlite3_regexp.c */,
				860861B314004419AD8F6FCD /* sqlite3_base64.c */,
				93AFA6E4B45C474A94F6DA33 /* cencode.c */,
				A3316A01532E4DFA99D35F9F /* sqlite3.c */,
				BABC3D60B051442885860633 /* SQLitePlugin.h */,
				957D662E1C9440E28F64E2D5 /* PSPDFThreadSafeMutableDictionary.h */,
				6A915ADD92EE4EC6A18C7560 /* sqlite3_regexp.h */,
				B1681251A7794D95B3913DC4 /* sqlite3_base64.h */,
				7510552F85D04D1BBDE1F3CB /* cencode.h */,
				1D4CD898B1C94EB0903D5BF8 /* sqlite3.h */,
				63222DF4C71C47AC8D75A7EA /* CDVNotification.m */,
				2864818ACF464EC29993B46C /* CDVNotification.h */,
				17FFEEE2FAD9446DB2C83ACC /* CodePush.m */,
				1900DDC4EA6A467BBB4B6EA0 /* CodePushPackageMetadata.m */,
				84E55CA4A6C54274B24E9361 /* CodePushPackageManager.m */,
				627B4F3CE458438CB0419319 /* CodePushReportingManager.m */,
				E4DC298AD8D5485A99C7D430 /* InstallOptions.m */,
				4CAD6A45DC7B4C36803C5CF0 /* StatusReport.m */,
				7AA861702BAB4AB3963CDCDD /* UpdateHashUtils.m */,
				40775E49FA834AFBA529B18E /* Utilities.m */,
				A6377713301C429DACEDB0D8 /* CDVWKWebViewEngine+CodePush.m */,
				4EF57B7890DD417FBC0DAC3A /* CodePushJWTAlgorithmFactory.m */,
				8866BAE20ADC46BE9CF8E017 /* CodePushJWTAlgorithmNone.m */,
				FE8BE66F0F644E7F9EA02207 /* CodePushJWTAlgorithmESBase.m */,
				D1F630B4688F4AA4A067CB08 /* CodePushJWTAlgorithmDataHolder.m */,
				351AEFED4D0F4E5B8CFF1FDC /* CodePushJWTAlgorithmDataHolderChain.m */,
				160E1246123340FD9D76D8C2 /* CodePushJWTAlgorithmHSBase.m */,
				E3AC326431964636B3854126 /* CodePushJWTAlgorithmRSBase.m */,
				A9E5A2640C8C40FEB507BB65 /* CodePushJWTCryptoKey.m */,
				F966934956104CC684B2A65B /* CodePushJWTCryptoKeyExtractor.m */,
				3205AF68D683414DBD9ED9F0 /* CodePushJWTCryptoSecurity.m */,
				11CB4625F2D0482EA2A342D2 /* CodePushJWTClaim.m */,
				5D972CD3E8204CC2B39CE21E /* CodePushJWTClaimsSet.m */,
				E201A57542BA450393B3566A /* CodePushJWTClaimsSetSerializer.m */,
				E068F1B03EBA4AD398F46801 /* CodePushJWTClaimsSetVerifier.m */,
				0FC71BEE82C040DE9F4CB94D /* CodePushJWTCoding+ResultTypes.m */,
				54302D3AE3CE4C409E10B5AE /* CodePushJWTCoding+VersionOne.m */,
				FF19D6C7EBC34EEC9112A809 /* CodePushJWTCoding+VersionThree.m */,
				A9C71A2A42CC45EFBF029EDC /* CodePushJWTCoding+VersionTwo.m */,
				DB884B1911C34AB1AEFAE3F7 /* CodePushJWTCoding.m */,
				828344F2EC3C46258EEC67F3 /* CodePushJWTBase64Coder.m */,
				D6079FE39E634A2487B2E641 /* CodePushJWTErrorDescription.m */,
				E3AAD7879AAA473CADAA0433 /* CodePushMF_Base64Additions.m */,
				64ECDEDD29664C719E68E5E0 /* CodePush.h */,
				179BDE482E40449B9C9B59C8 /* CodePushPackageMetadata.h */,
				6008132ED74F486F9995BEF1 /* CodePushPackageManager.h */,
				E76564CFF83D4F8A8006D069 /* CodePushReportingManager.h */,
				B2DFEDC172E642F7861E782E /* InstallOptions.h */,
				F3E845ADF91347A0840EB7F9 /* InstallMode.h */,
				D4B1F2C8CDB1459285025835 /* StatusReport.h */,
				B36DEBB1ED514B8FA69CA3FA /* UpdateHashUtils.h */,
				37C7C34C8FA847A8A565672D /* Utilities.h */,
				1116ACC13F694509A4465476 /* CodePushJWTAlgorithm.h */,
				BF75AF50239F4628B02051B1 /* CodePushJWTAlgorithmFactory.h */,
				99B10EB391A4441380792C47 /* CodePushJWTAlgorithmNone.h */,
				DAF0AB5F0F5B4E62BDAFB7D6 /* CodePushJWTAlgorithmESBase.h */,
				C1C67FAFA90D49F8A13B8BEE /* CodePushJWTAlgorithmDataHolder.h */,
				AE22BB65C698454F9A17D29A /* CodePushJWTAlgorithmDataHolderChain.h */,
				B3C4ADA56E7B44B1920947F5 /* CodePushJWTAlgorithmHSBase.h */,
				4DEDF32315794AAF81FAC540 /* CodePushJWTAlgorithmRSBase.h */,
				85E1C4633C19408E848C1CAC /* CodePushJWTRSAlgorithm.h */,
				13B57428E4584A938279135B /* CodePushJWTCryptoKey.h */,
				7C8C179FBB25404C9DE69D29 /* CodePushJWTCryptoKeyExtractor.h */,
				7EB7FF3EE56C4318BAE7289C /* CodePushJWTCryptoSecurity.h */,
				EF9563FC68974D19A011CDCF /* CodePushJWTClaim.h */,
				C082F755A33C4B75B664FDD8 /* CodePushJWTClaimsSet.h */,
				77E8A27ECB7941A2B691E1C8 /* CodePushJWTClaimsSetSerializer.h */,
				E50EFE88018D48768502EE62 /* CodePushJWTClaimsSetVerifier.h */,
				8DE2BBF3FA38418FA1D27E25 /* CodePushJWTCoding+ResultTypes.h */,
				80F22F7C292948F49BAFF9ED /* CodePushJWTCoding+VersionOne.h */,
				383867C4129E4CFA8B38FDB3 /* CodePushJWTCoding+VersionThree.h */,
				E54AEEEFFC6F4B7ABD4F055B /* CodePushJWTCoding+VersionTwo.h */,
				C3127DC24DD34C58A46292FF /* CodePushJWTCoding.h */,
				3669CE1C67714817AB9ACE44 /* CodePushJWT.h */,
				102D46501BF14E3BA19A06C3 /* CodePushJWTBase64Coder.h */,
				4B33DB629029441CB6B2A862 /* CodePushJWTDeprecations.h */,
				2D17A8DCEC8242448A033470 /* CodePushJWTErrorDescription.h */,
				BA3CA3F1EC4D46BDBB333A56 /* CodePushMF_Base64Additions.h */,
				A567EF4C6D194D198B8E806C /* CDVFile.m */,
				C6AFBF0CFA2F4EFC81EEE38F /* CDVLocalFilesystem.m */,
				8009C063352F4643A7326CF2 /* CDVAssetLibraryFilesystem.m */,
				C778FBCE02C9436AAD2A7A64 /* CDVFile.h */,
				830856B52C6E4D65B33E2681 /* CDVLocalFilesystem.h */,
				C732EED42E1B427F91C2A824 /* CDVAssetLibraryFilesystem.h */,
				7BA2C55B9AB24A46B6E4DFCC /* CDVFileTransfer.m */,
				B95EE54AC8D64081BA71A216 /* CDVFileTransfer.h */,
				A5C755D07A114071A21BB3CD /* ZipPlugin.m */,
				FB4560D8707F45D282171902 /* aescrypt.c */,
				2EA89AD858B5456D849A8ECA /* aeskey.c */,
				A1DA9F57C62149AE944000D0 /* aestab.c */,
				41E5D9A0B09D4080A4EC8155 /* entropy.c */,
				25EE62BBF8BA408FAB62B047 /* fileenc.c */,
				93444D2E6688402F952E5655 /* hmac.c */,
				4350ADBB5BFF4C4CAADE3B0E /* prng.c */,
				D0C9762697C44B459FB98612 /* pwd2key.c */,
				84082A6B889B407CA27B46FC /* sha1.c */,
				E67E4435CC72472797EC74C0 /* SSZipArchive.m */,
				D71133EBA1094D7EA11CEF7F /* zip.c */,
				765AFFB0B0EE4F6D9219783B /* unzip.c */,
				D83617C3B1814A8B8EA4CA2E /* mztools.c */,
				1ADBEC2E0646479AB3E6F082 /* ioapi.c */,
				553566EF889A4B449D6BCF0C /* ZipPlugin.h */,
				8EB8BA897ED9475BBE210DAB /* Common.h */,
				40CFCEAF424F42399AEB0F66 /* aes.h */,
				25082562654E476AA19F158C /* aes_via_ace.h */,
				48D53F52BBDD4D1F9BDCA457 /* aesopt.h */,
				F842D6F722D342F6911A0753 /* aestab.h */,
				5CE2DC5FDE0E419EBE9AFC85 /* brg_endian.h */,
				AB33383E9EF540AB8C6BAE66 /* brg_types.h */,
				8F21432C030A440598EB62A1 /* entropy.h */,
				CD246EE4B08D4CD0AE3923EF /* fileenc.h */,
				981D5C86C64949F18F673B01 /* hmac.h */,
				74F535AE295E48FA9A8847B3 /* prng.h */,
				77EEEF3E18544662BCE7E1AD /* pwd2key.h */,
				0455C7B61CF44CA69A8BE1F4 /* sha1.h */,
				F4B73E49FE6D481D8E6C4B25 /* SSZipArchive.h */,
				A719D0726B964BAEB156C07F /* zip.h */,
				0E7CD07E20664F058AC794CC /* unzip.h */,
				9E36D7AB8690447EBA142633 /* mztools.h */,
				1EA0753D050648068E10C76A /* ioapi.h */,
				A0D6FE10BB584264ABD3DA6F /* crypt.h */,
				4BA9531F0F4F4160860924B7 /* UIImage+CropScaleOrientation.m */,
				36DCC8B3A2A34217998D0B51 /* CDVCamera.m */,
				9478FB0BF30E46DAA45C0BA0 /* CDVJpegHeaderWriter.m */,
				8B5A62E03B0141748CE212E2 /* UIImage+CropScaleOrientation.h */,
				9C2FB77772604B1AB0AA1A72 /* CDVCamera.h */,
				3956E511398742ECAB3311BC /* CDVJpegHeaderWriter.h */,
				4574EFE420A84ED699DA31C7 /* CDVExif.h */,
			);
			name = Plugins;
			path = "ttiContact/Plugins";
			sourceTree = SOURCE_ROOT;
		};
		EB87FDF11871DA420020F90C /* Staging */ = {
			isa = PBXGroup;
			children = (
				F840E1F0165FE0F500CFE078 /* config.xml */,
				301BF56E109A69640062928A /* www */,
			);
			name = Staging;
			sourceTree = "<group>";
		};
/* End PBXGroup section */

/* Begin PBXNativeTarget section */
		1D6058900D05DD3D006BFB54 /* ttiContact */ = {
			isa = PBXNativeTarget;
			buildConfigurationList = 1D6058960D05DD3E006BFB54 /* Build configuration list for PBXNativeTarget "ttiContact" */;
			buildPhases = (
				304B58A110DAC018002A0835 /* Copy www directory */,
				1D60588D0D05DD3D006BFB54 /* Resources */,
				1D60588E0D05DD3D006BFB54 /* Sources */,
				1D60588F0D05DD3D006BFB54 /* Frameworks */,
			);
			buildRules = (
			);
			dependencies = (
				301BF551109A68C00062928A /* PBXTargetDependency */,
			);
			name = "ttiContact";
			productName = "ttiContact";
			productReference = 1D6058910D05DD3D006BFB54 /* ttiContact.app */;
			productType = "com.apple.product-type.application";
		};
/* End PBXNativeTarget section */

/* Begin PBXProject section */
		29B97313FDCFA39411CA2CEA /* Project object */ = {
			isa = PBXProject;
			attributes = {
				LastUpgradeCheck = 510;
			};
			buildConfigurationList = C01FCF4E08A954540054247B /* Build configuration list for PBXProject "__NON-CLI__" */;
			compatibilityVersion = "Xcode 3.2";
			developmentRegion = English;
			hasScannedForEncodings = 1;
			mainGroup = 29B97314FDCFA39411CA2CEA /* CustomTemplate */;
			projectDirPath = "";
			projectReferences = (
				{
					ProductGroup = 301BF52E109A57CC0062928A /* Products */;
					ProjectRef = 301BF52D109A57CC0062928A /* CordovaLib.xcodeproj */;
				},
			);
			projectRoot = "";
			targets = (
				1D6058900D05DD3D006BFB54 /* ttiContact */,
			);
		};
/* End PBXProject section */

/* Begin PBXReferenceProxy section */
		301BF535109A57CC0062928A /* libCordova.a */ = {
			isa = PBXReferenceProxy;
			fileType = archive.ar;
			path = libCordova.a;
			remoteRef = 301BF534109A57CC0062928A /* PBXContainerItemProxy */;
			sourceTree = BUILT_PRODUCTS_DIR;
		};
/* End PBXReferenceProxy section */

/* Begin PBXResourcesBuildPhase section */
		1D60588D0D05DD3D006BFB54 /* Resources */ = {
			isa = PBXResourcesBuildPhase;
			buildActionMask = 2147483647;
			files = (
				302D95F214D2391D003F00A1 /* MainViewController.xib in Resources */,
				0207DA581B56EA530066E2B4 /* Images.xcassets in Resources */,
				6AFF5BF91D6E424B00AB3073 /* CDVLaunchScreen.storyboard in Resources */,
				743B4295C76548AE90B8DC41 /* CDVNotification.bundle in Resources */,
			);
			runOnlyForDeploymentPostprocessing = 0;
		};
/* End PBXResourcesBuildPhase section */

/* Begin PBXShellScriptBuildPhase section */
		304B58A110DAC018002A0835 /* Copy www directory */ = {
			isa = PBXShellScriptBuildPhase;
			buildActionMask = 2147483647;
			files = (
			);
			inputPaths = (
			);
			name = "Copy www directory";
			outputPaths = (
			);
			runOnlyForDeploymentPostprocessing = 0;
			shellPath = /bin/sh;
			shellScript = "NODEJS_PATH=/usr/local/bin; NVM_NODE_PATH=~/.nvm/versions/node/`nvm version 2>/dev/null`/bin; N_NODE_PATH=`find /usr/local/n/versions/node/* -maxdepth 0 -type d 2>/dev/null | tail -1`/bin; XCODE_NODE_PATH=`xcode-select --print-path`/usr/share/xcs/Node/bin; PATH=$NODEJS_PATH:$NVM_NODE_PATH:$N_NODE_PATH:$XCODE_NODE_PATH:$PATH && node cordova/lib/copy-www-build-step.js";
			showEnvVarsInLog = 0;
		};
/* End PBXShellScriptBuildPhase section */

/* Begin PBXSourcesBuildPhase section */
		1D60588E0D05DD3D006BFB54 /* Sources */ = {
			isa = PBXSourcesBuildPhase;
			buildActionMask = 2147483647;
			files = (
				1D60589B0D05DD56006BFB54 /* main.m in Sources */,
				1D3623260D0F684500981E51 /* AppDelegate.m in Sources */,
				302D95F114D2391D003F00A1 /* MainViewController.m in Sources */,
				CA5E6E6130E24F68BEB3EDB8 /* CDVDevice.m in Sources */,
				DA610DDDCBD54E0BA0BE222A /* CDVStatusBar.m in Sources */,
				084DFFA393944D0D861DBE29 /* SQLitePlugin.m in Sources */,
				A54983A18B9A46EB91E032C6 /* PSPDFThreadSafeMutableDictionary.m in Sources */,
				B87B9E0ADB8C47A6996D0744 /* sqlite3_regexp.c in Resources */,
				A5E464A5A439469B9A066E95 /* sqlite3_base64.c in Resources */,
				07712B8E63294E4294599A17 /* cencode.c in Resources */,
				3B532EDE350D43E7964A97A4 /* sqlite3.c in Resources */,
				D4306D12736241B08D2FBAD7 /* CDVNotification.m in Sources */,
				AB5A85759D304269A2DB3E8E /* CodePush.m in Sources */,
				AB7539C618E94F55912342C9 /* CodePushPackageMetadata.m in Sources */,
				38565989906F4F14A0A06201 /* CodePushPackageManager.m in Sources */,
				CB4FA62C63B34878B94E198D /* CodePushReportingManager.m in Sources */,
				C8A48B60D12647D59558CEA8 /* InstallOptions.m in Sources */,
				452EACFC70D44E8FBA034DC1 /* StatusReport.m in Sources */,
				7E2608D98B37406F95BED1A6 /* UpdateHashUtils.m in Sources */,
				08CD161066054F09A09AE4D7 /* Utilities.m in Sources */,
				D55631790715481BAD9F4B3E /* CDVWKWebViewEngine+CodePush.m in Sources */,
				5D41998EC48840E19806D01E /* CodePushJWTAlgorithmFactory.m in Sources */,
				CC065C3182904F2CB98F0394 /* CodePushJWTAlgorithmNone.m in Sources */,
				7F3877A83BEE48EDABCD49C9 /* CodePushJWTAlgorithmESBase.m in Sources */,
				C2C3921D4DAD41DD8810F2DA /* CodePushJWTAlgorithmDataHolder.m in Sources */,
				60FA5B04E788453EAB05C5E5 /* CodePushJWTAlgorithmDataHolderChain.m in Sources */,
				233FFE2333EC437F94293A0E /* CodePushJWTAlgorithmHSBase.m in Sources */,
				7290F6AD711F4F5BA3BF447C /* CodePushJWTAlgorithmRSBase.m in Sources */,
				E818A5AE92A74E688C954250 /* CodePushJWTCryptoKey.m in Sources */,
				0D7A0F853B434CB1AA7BD852 /* CodePushJWTCryptoKeyExtractor.m in Sources */,
				E71D0A583E6B4357B034B4B5 /* CodePushJWTCryptoSecurity.m in Sources */,
				9DB562F25B6D412A9B8B0695 /* CodePushJWTClaim.m in Sources */,
				7C88B8B73B8F4F40A961E02A /* CodePushJWTClaimsSet.m in Sources */,
				A43AC227DC274E49BFB42B63 /* CodePushJWTClaimsSetSerializer.m in Sources */,
				13BC0BE2D0064E8AB72DC101 /* CodePushJWTClaimsSetVerifier.m in Sources */,
				CE46D6329BA84E53A563147F /* CodePushJWTCoding+ResultTypes.m in Sources */,
				EA09AAFC47D049A0B8CAB664 /* CodePushJWTCoding+VersionOne.m in Sources */,
				B537A6D9740B4052B2CAE9DB /* CodePushJWTCoding+VersionThree.m in Sources */,
				8F13B3B0587B46A0A9F50EA5 /* CodePushJWTCoding+VersionTwo.m in Sources */,
				EE947BCBDA8D4A4A883A09A1 /* CodePushJWTCoding.m in Sources */,
				4FA3EFECC80E4C158CE730E0 /* CodePushJWTBase64Coder.m in Sources */,
				0F750C0BA44445BDB250D339 /* CodePushJWTErrorDescription.m in Sources */,
				0F1F9105E36041A5AD18DB82 /* CodePushMF_Base64Additions.m in Sources */,
				F38DA04EE060414BA6F62B20 /* CDVFile.m in Sources */,
				A42A1EC2E8534C86BB74142F /* CDVLocalFilesystem.m in Sources */,
				905C8376079748A9A232D3A9 /* CDVAssetLibraryFilesystem.m in Sources */,
				C80B5CA26E4E4429956D6687 /* CDVFileTransfer.m in Sources */,
				E6D885CBFF7B432FBB34C3BA /* ZipPlugin.m in Sources */,
				45DFB534699B46F984ADF520 /* aescrypt.c in Resources */,
				4443FEDEAB044F20AD46D07E /* aeskey.c in Resources */,
				15A2447F9DA741FE9080DC5E /* aestab.c in Resources */,
				8F5233C3E8E24656AD03E65D /* entropy.c in Resources */,
				5AAE565AC60543C1AA078A4F /* fileenc.c in Resources */,
				2C71D3F329D54F0EA4F31F06 /* hmac.c in Resources */,
				F53F8215518F4FC1985B93E4 /* prng.c in Resources */,
				8B54AD0805304BABBA547AE9 /* pwd2key.c in Resources */,
				B0266D1BE618430DA30A87C6 /* sha1.c in Resources */,
				3776BC558CA44021BA19C95B /* SSZipArchive.m in Sources */,
				10BD9059E6874FCB8744D8DD /* zip.c in Resources */,
				8D93D6CD72E64EC590F61476 /* unzip.c in Resources */,
				53FB412C738C43ACB24AAD15 /* mztools.c in Resources */,
				74BFAFDD973147F9AB455B5F /* ioapi.c in Resources */,
				6A06190D7B204E5F817B89B9 /* UIImage+CropScaleOrientation.m in Sources */,
				68E2BE66A3A545F89CDCA45B /* CDVCamera.m in Sources */,
				F15C80EC53324E5F85FB46BA /* CDVJpegHeaderWriter.m in Sources */,
			);
			runOnlyForDeploymentPostprocessing = 0;
		};
/* End PBXSourcesBuildPhase section */

/* Begin PBXTargetDependency section */
		301BF551109A68C00062928A /* PBXTargetDependency */ = {
			isa = PBXTargetDependency;
			name = CordovaLib;
			targetProxy = 301BF550109A68C00062928A /* PBXContainerItemProxy */;
		};
/* End PBXTargetDependency section */

/* Begin XCBuildConfiguration section */
		1D6058940D05DD3E006BFB54 /* Debug */ = {
			isa = XCBuildConfiguration;
			baseConfigurationReference = 3047A50F1AB8059700498E2A /* build-debug.xcconfig */;
			buildSettings = {
				ALWAYS_SEARCH_USER_PATHS = NO;
				ASSETCATALOG_COMPILER_APPICON_NAME = AppIcon;
				ASSETCATALOG_COMPILER_LAUNCHIMAGE_NAME = LaunchImage;
				CLANG_ENABLE_MODULES = YES;
				CLANG_ENABLE_OBJC_ARC = YES;
				COPY_PHASE_STRIP = NO;
				GCC_DYNAMIC_NO_PIC = NO;
				GCC_OPTIMIZATION_LEVEL = 0;
				GCC_PRECOMPILE_PREFIX_HEADER = YES;
				GCC_PREFIX_HEADER = "ttiContact/ttiContact-Prefix.pch";
				GCC_THUMB_SUPPORT = NO;
				GCC_VERSION = "";
				INFOPLIST_FILE = "ttiContact/ttiContact-Info.plist";
				IPHONEOS_DEPLOYMENT_TARGET = 9.0;
				LD_RUNPATH_SEARCH_PATHS = "@executable_path/Frameworks";
				TARGETED_DEVICE_FAMILY = "1,2";
				PRODUCT_NAME = "ttiContact";
			};
			name = Debug;
		};
		1D6058950D05DD3E006BFB54 /* Release */ = {
			isa = XCBuildConfiguration;
			baseConfigurationReference = 3047A5101AB8059700498E2A /* build-release.xcconfig */;
			buildSettings = {
				ALWAYS_SEARCH_USER_PATHS = NO;
				ASSETCATALOG_COMPILER_APPICON_NAME = AppIcon;
				ASSETCATALOG_COMPILER_LAUNCHIMAGE_NAME = LaunchImage;
				CLANG_ENABLE_MODULES = YES;
				CLANG_ENABLE_OBJC_ARC = YES;
				COPY_PHASE_STRIP = YES;
				GCC_PRECOMPILE_PREFIX_HEADER = YES;
				GCC_PREFIX_HEADER = "ttiContact/ttiContact-Prefix.pch";
				GCC_THUMB_SUPPORT = NO;
				GCC_VERSION = "";
				INFOPLIST_FILE = "ttiContact/ttiContact-Info.plist";
				IPHONEOS_DEPLOYMENT_TARGET = 9.0;
				LD_RUNPATH_SEARCH_PATHS = "@executable_path/Frameworks";
				TARGETED_DEVICE_FAMILY = "1,2";
				PRODUCT_NAME = "ttiContact";
			};
			name = Release;
		};
		C01FCF4F08A954540054247B /* Debug */ = {
			isa = XCBuildConfiguration;
			baseConfigurationReference = 3047A5111AB8059700498E2A /* build.xcconfig */;
			buildSettings = {
				CLANG_ENABLE_MODULES = YES;
				CLANG_ENABLE_OBJC_ARC = YES;
				CLANG_WARN_BOOL_CONVERSION = YES;
				CLANG_WARN_CONSTANT_CONVERSION = YES;
				CLANG_WARN_EMPTY_BODY = YES;
				CLANG_WARN_ENUM_CONVERSION = YES;
				CLANG_WARN_INT_CONVERSION = YES;
				CLANG_WARN__DUPLICATE_METHOD_MATCH = YES;
				GCC_C_LANGUAGE_STANDARD = c99;
				GCC_THUMB_SUPPORT = NO;
				GCC_VERSION = "";
				GCC_WARN_ABOUT_RETURN_TYPE = YES;
				GCC_WARN_UNDECLARED_SELECTOR = YES;
				GCC_WARN_UNINITIALIZED_AUTOS = YES;
				GCC_WARN_UNUSED_FUNCTION = YES;
				GCC_WARN_UNUSED_VARIABLE = YES;
				ONLY_ACTIVE_ARCH = YES;
				SDKROOT = iphoneos;
				SKIP_INSTALL = NO;
			};
			name = Debug;
		};
		C01FCF5008A954540054247B /* Release */ = {
			isa = XCBuildConfiguration;
			baseConfigurationReference = 3047A5111AB8059700498E2A /* build.xcconfig */;
			buildSettings = {
				CLANG_ENABLE_MODULES = YES;
				CLANG_ENABLE_OBJC_ARC = YES;
				CLANG_WARN_BOOL_CONVERSION = YES;
				CLANG_WARN_CONSTANT_CONVERSION = YES;
				CLANG_WARN_EMPTY_BODY = YES;
				CLANG_WARN_ENUM_CONVERSION = YES;
				CLANG_WARN_INT_CONVERSION = YES;
				CLANG_WARN__DUPLICATE_METHOD_MATCH = YES;
				GCC_C_LANGUAGE_STANDARD = c99;
				GCC_THUMB_SUPPORT = NO;
				GCC_VERSION = "";
				GCC_WARN_ABOUT_RETURN_TYPE = YES;
				GCC_WARN_UNDECLARED_SELECTOR = YES;
				GCC_WARN_UNINITIALIZED_AUTOS = YES;
				GCC_WARN_UNUSED_FUNCTION = YES;
				GCC_WARN_UNUSED_VARIABLE = YES;
				SDKROOT = iphoneos;
				SKIP_INSTALL = NO;
			};
			name = Release;
		};
/* End XCBuildConfiguration section */

/* Begin XCConfigurationList section */
		1D6058960D05DD3E006BFB54 /* Build configuration list for PBXNativeTarget "ttiContact" */ = {
			isa = XCConfigurationList;
			buildConfigurations = (
				1D6058940D05DD3E006BFB54 /* Debug */,
				1D6058950D05DD3E006BFB54 /* Release */,
			);
			defaultConfigurationIsVisible = 0;
			defaultConfigurationName = Release;
		};
		C01FCF4E08A954540054247B /* Build configuration list for PBXProject "__NON-CLI__" */ = {
			isa = XCConfigurationList;
			buildConfigurations = (
				C01FCF4F08A954540054247B /* Debug */,
				C01FCF5008A954540054247B /* Release */,
			);
			defaultConfigurationIsVisible = 0;
			defaultConfigurationName = Release;
		};
/* End XCConfigurationList section */
	};
	rootObject = 29B97313FDCFA39411CA2CEA /* Project object */;
}
